<?xml version="1.0" encoding="UTF-8"?>
<!DOCTYPE plist PUBLIC "-//Apple//DTD PLIST 1.0//EN" "http://www.apple.com/DTDs/PropertyList-1.0.dtd">
<plist version="1.0">
<dict>
	<key>archiveVersion</key>
	<string>1</string>
	<key>classes</key>
	<dict/>
	<key>objectVersion</key>
	<string>46</string>
	<key>objects</key>
	<dict>
		<key>17EA88B7B1FC8DA127254430</key>
		<dict>
			<key>buildActionMask</key>
			<string>2147483647</string>
			<key>files</key>
			<array/>
			<key>inputPaths</key>
			<array/>
			<key>isa</key>
			<string>PBXShellScriptBuildPhase</string>
			<key>name</key>
			<string>Embed Pods Frameworks</string>
			<key>outputPaths</key>
			<array/>
			<key>runOnlyForDeploymentPostprocessing</key>
			<string>0</string>
			<key>shellPath</key>
			<string>/bin/sh</string>
			<key>shellScript</key>
			<string>"${SRCROOT}/Pods/Target Support Files/Pods/Pods-frameworks.sh"
</string>
			<key>showEnvVarsInLog</key>
			<string>0</string>
		</dict>
		<key>199B16271688640BABE847AD</key>
		<dict>
			<key>includeInIndex</key>
			<string>1</string>
			<key>isa</key>
			<string>PBXFileReference</string>
			<key>lastKnownFileType</key>
			<string>text.xcconfig</string>
			<key>name</key>
			<string>Pods.release.xcconfig</string>
			<key>path</key>
			<string>Pods/Target Support Files/Pods/Pods.release.xcconfig</string>
			<key>sourceTree</key>
			<string>&lt;group&gt;</string>
		</dict>
		<key>1ABE2698C254E8C4BA7C1BF2</key>
		<dict>
			<key>children</key>
			<array>
				<string>382D1C4D525C6CFA02DCCC82</string>
				<string>199B16271688640BABE847AD</string>
			</array>
			<key>isa</key>
			<string>PBXGroup</string>
			<key>name</key>
			<string>Pods</string>
			<key>sourceTree</key>
			<string>&lt;group&gt;</string>
		</dict>
		<key>2B2C7DAA29D79519782C0AC5</key>
		<dict>
			<key>fileRef</key>
			<string>DE4B189EC78DA9C4BCF2A842</string>
			<key>isa</key>
			<string>PBXBuildFile</string>
		</dict>
		<key>2E6E05FD29EDEE87D75B6F60</key>
		<dict>
			<key>fileRef</key>
			<string>51E357C8F3E996E0DAC352A6</string>
			<key>isa</key>
			<string>PBXBuildFile</string>
		</dict>
		<key>382D1C4D525C6CFA02DCCC82</key>
		<dict>
			<key>includeInIndex</key>
			<string>1</string>
			<key>isa</key>
			<string>PBXFileReference</string>
			<key>lastKnownFileType</key>
			<string>text.xcconfig</string>
			<key>name</key>
			<string>Pods.debug.xcconfig</string>
			<key>path</key>
			<string>Pods/Target Support Files/Pods/Pods.debug.xcconfig</string>
			<key>sourceTree</key>
			<string>&lt;group&gt;</string>
		</dict>
		<key>383F69BF49A0E9318460515F</key>
		<dict>
			<key>fileRef</key>
			<string>8BC0B482F48B310F2A130897</string>
			<key>isa</key>
			<string>PBXBuildFile</string>
		</dict>
		<key>3F82211A27E8B22BEA519EB5</key>
		<dict>
			<key>fileRef</key>
			<string>7283AB9F857EF3F6878FAF00</string>
			<key>isa</key>
			<string>PBXBuildFile</string>
		</dict>
		<key>51E357C8F3E996E0DAC352A6</key>
		<dict>
			<key>isa</key>
			<string>PBXFileReference</string>
			<key>lastKnownFileType</key>
			<string>wrapper.framework</string>
			<key>name</key>
			<string>AVFoundation.framework</string>
			<key>path</key>
			<string>System/Library/Frameworks/AVFoundation.framework</string>
			<key>sourceTree</key>
			<string>SDKROOT</string>
		</dict>
		<key>54ECF722ACEDFF398F30C0F0</key>
		<dict>
			<key>buildActionMask</key>
			<string>2147483647</string>
			<key>files</key>
			<array/>
			<key>inputPaths</key>
			<array/>
			<key>isa</key>
			<string>PBXShellScriptBuildPhase</string>
			<key>name</key>
			<string>Check Pods Manifest.lock</string>
			<key>outputPaths</key>
			<array/>
			<key>runOnlyForDeploymentPostprocessing</key>
			<string>0</string>
			<key>shellPath</key>
			<string>/bin/sh</string>
			<key>shellScript</key>
			<string>diff "${PODS_ROOT}/../Podfile.lock" "${PODS_ROOT}/Manifest.lock" &gt; /dev/null
if [[ $? != 0 ]] ; then
    cat &lt;&lt; EOM
error: The sandbox is not in sync with the Podfile.lock. Run 'pod install' or update your CocoaPods installation.
EOM
    exit 1
fi
</string>
			<key>showEnvVarsInLog</key>
			<string>0</string>
		</dict>
		<key>55AEAA6F1EC2F6C5A6E44694</key>
		<dict>
			<key>fileRef</key>
			<string>583A942B3B695CBC1B3412C7</string>
			<key>isa</key>
			<string>PBXBuildFile</string>
		</dict>
		<key>583A942B3B695CBC1B3412C7</key>
		<dict>
			<key>isa</key>
			<string>PBXFileReference</string>
			<key>lastKnownFileType</key>
			<string>wrapper.framework</string>
			<key>name</key>
			<string>CoreVideo.framework</string>
			<key>path</key>
			<string>System/Library/Frameworks/CoreVideo.framework</string>
			<key>sourceTree</key>
			<string>SDKROOT</string>
		</dict>
		<key>5998C31DCC55157C962C8B1B</key>
		<dict>
			<key>fileRef</key>
			<string>66051C9D08C1F0C89881E7F5</string>
			<key>isa</key>
			<string>PBXBuildFile</string>
		</dict>
		<key>66051C9D08C1F0C89881E7F5</key>
		<dict>
			<key>explicitFileType</key>
			<string>wrapper.framework</string>
			<key>includeInIndex</key>
			<string>0</string>
			<key>isa</key>
			<string>PBXFileReference</string>
			<key>path</key>
			<string>Pods.framework</string>
			<key>sourceTree</key>
			<string>BUILT_PRODUCTS_DIR</string>
		</dict>
		<key>7283AB9F857EF3F6878FAF00</key>
		<dict>
			<key>isa</key>
			<string>PBXFileReference</string>
			<key>lastKnownFileType</key>
			<string>wrapper.framework</string>
			<key>name</key>
			<string>CoreMedia.framework</string>
			<key>path</key>
			<string>System/Library/Frameworks/CoreMedia.framework</string>
			<key>sourceTree</key>
			<string>SDKROOT</string>
		</dict>
		<key>7E661E0CBC78A00D1AAD02A5</key>
		<dict>
			<key>fileRef</key>
			<string>F8BFD422709AD8AD0DB3C7E1</string>
			<key>isa</key>
			<string>PBXBuildFile</string>
		</dict>
		<key>8BC0B482F48B310F2A130897</key>
		<dict>
			<key>isa</key>
			<string>PBXFileReference</string>
			<key>lastKnownFileType</key>
			<string>wrapper.framework</string>
			<key>name</key>
			<string>BuddyBuildSDK.framework</string>
			<key>path</key>
			<string>BuddyBuildSDK.framework</string>
			<key>sourceTree</key>
			<string>&lt;group&gt;</string>
		</dict>
		<key>90F0D323E6A65FC97B925A03</key>
		<dict>
			<key>fileRef</key>
			<string>DB4521B1C5416F07DB309581</string>
			<key>isa</key>
			<string>PBXBuildFile</string>
		</dict>
		<key>B204178DE69F41C0A985B8D9</key>
		<dict>
			<key>includeInIndex</key>
			<string>1</string>
			<key>isa</key>
			<string>PBXFileReference</string>
			<key>lastKnownFileType</key>
			<string>sourcecode.c.h</string>
			<key>path</key>
			<string>Bridging-Header.h</string>
			<key>sourceTree</key>
			<string>&lt;group&gt;</string>
		</dict>
		<key>B6E6F198487C004683C58697</key>
		<dict>
			<key>fileRef</key>
			<string>D7E94B5804EE3984BF2F609E</string>
			<key>isa</key>
			<string>PBXBuildFile</string>
		</dict>
		<key>BCE01B303DE0F9775798CDDE</key>
		<dict>
			<key>isa</key>
			<string>PBXFileReference</string>
			<key>lastKnownFileType</key>
			<string>wrapper.framework</string>
			<key>name</key>
			<string>AssetsLibrary.framework</string>
			<key>path</key>
			<string>System/Library/Frameworks/AssetsLibrary.framework</string>
			<key>sourceTree</key>
			<string>SDKROOT</string>
		</dict>
		<key>C40CA8E7B3155E27E768C527</key>
		<dict>
			<key>buildActionMask</key>
			<string>2147483647</string>
			<key>files</key>
			<array/>
			<key>inputPaths</key>
			<array/>
			<key>isa</key>
			<string>PBXShellScriptBuildPhase</string>
			<key>name</key>
			<string>Copy Pods Resources</string>
			<key>outputPaths</key>
			<array/>
			<key>runOnlyForDeploymentPostprocessing</key>
			<string>0</string>
			<key>shellPath</key>
			<string>/bin/sh</string>
			<key>shellScript</key>
			<string>"${SRCROOT}/Pods/Target Support Files/Pods/Pods-resources.sh"
</string>
			<key>showEnvVarsInLog</key>
			<string>0</string>
		</dict>
		<key>C9384EE91BD326B100E1E3EB</key>
		<dict>
			<key>isa</key>
			<string>PBXFileReference</string>
			<key>lastKnownFileType</key>
			<string>wrapper.framework</string>
			<key>name</key>
			<string>Just.framework</string>
			<key>path</key>
			<string>Pods/../build/Debug-iphoneos/Just.framework</string>
			<key>sourceTree</key>
			<string>&lt;group&gt;</string>
		</dict>
		<key>C9384EEA1BD326B100E1E3EB</key>
		<dict>
			<key>fileRef</key>
			<string>C9384EE91BD326B100E1E3EB</string>
			<key>isa</key>
			<string>PBXBuildFile</string>
		</dict>
		<key>C9384EEB1BD3285E00E1E3EB</key>
		<dict>
			<key>fileRef</key>
			<string>C95B5DEA1BD323F500654458</string>
			<key>isa</key>
			<string>PBXBuildFile</string>
		</dict>
		<key>C9384EED1BD32CDC00E1E3EB</key>
		<dict>
			<key>fileEncoding</key>
			<string>4</string>
			<key>isa</key>
			<string>PBXFileReference</string>
			<key>lastKnownFileType</key>
			<string>sourcecode.swift</string>
			<key>path</key>
			<string>InteractorsFactory.swift</string>
			<key>sourceTree</key>
			<string>&lt;group&gt;</string>
		</dict>
		<key>C9384EEE1BD32CDC00E1E3EB</key>
		<dict>
			<key>fileRef</key>
			<string>C9384EED1BD32CDC00E1E3EB</string>
			<key>isa</key>
			<string>PBXBuildFile</string>
		</dict>
		<key>C9384EEF1BD3F71500E1E3EB</key>
		<dict>
			<key>buildActionMask</key>
			<string>2147483647</string>
			<key>files</key>
			<array>
				<string>C9384F151BD3F7E600E1E3EB</string>
				<string>C9384F191BD3F8B900E1E3EB</string>
				<string>C947D2001BD44760007C8CB5</string>
				<string>C947D2011BD44760007C8CB5</string>
				<string>C9A4DE381BD40C46009712E6</string>
				<string>C9A4DE351BD40C01009712E6</string>
			</array>
			<key>isa</key>
			<string>PBXSourcesBuildPhase</string>
			<key>runOnlyForDeploymentPostprocessing</key>
			<string>0</string>
		</dict>
		<key>C9384EF01BD3F71500E1E3EB</key>
		<dict>
			<key>buildActionMask</key>
			<string>2147483647</string>
			<key>files</key>
			<array>
				<string>C947D1DC1BD436E7007C8CB5</string>
				<string>C9A4DE3A1BD40EFB009712E6</string>
			</array>
			<key>isa</key>
			<string>PBXFrameworksBuildPhase</string>
			<key>runOnlyForDeploymentPostprocessing</key>
			<string>0</string>
		</dict>
		<key>C9384EF11BD3F71500E1E3EB</key>
		<dict>
			<key>buildActionMask</key>
			<string>2147483647</string>
			<key>files</key>
			<array>
				<string>C9384EF71BD3F71500E1E3EB</string>
			</array>
			<key>isa</key>
			<string>PBXHeadersBuildPhase</string>
			<key>runOnlyForDeploymentPostprocessing</key>
			<string>0</string>
		</dict>
		<key>C9384EF21BD3F71500E1E3EB</key>
		<dict>
			<key>buildActionMask</key>
			<string>2147483647</string>
			<key>files</key>
			<array/>
			<key>isa</key>
			<string>PBXResourcesBuildPhase</string>
			<key>runOnlyForDeploymentPostprocessing</key>
			<string>0</string>
		</dict>
		<key>C9384EF31BD3F71500E1E3EB</key>
		<dict>
			<key>buildConfigurationList</key>
			<string>C9384F0B1BD3F71500E1E3EB</string>
			<key>buildPhases</key>
			<array>
				<string>C9384EEF1BD3F71500E1E3EB</string>
				<string>C9384EF01BD3F71500E1E3EB</string>
				<string>C9384EF11BD3F71500E1E3EB</string>
				<string>C9384EF21BD3F71500E1E3EB</string>
			</array>
			<key>buildRules</key>
			<array/>
			<key>dependencies</key>
			<array/>
			<key>isa</key>
			<string>PBXNativeTarget</string>
			<key>name</key>
			<string>Presenters</string>
			<key>productName</key>
			<string>Presenters</string>
			<key>productReference</key>
			<string>C9384EF41BD3F71500E1E3EB</string>
			<key>productType</key>
			<string>com.apple.product-type.framework</string>
		</dict>
		<key>C9384EF41BD3F71500E1E3EB</key>
		<dict>
			<key>explicitFileType</key>
			<string>wrapper.framework</string>
			<key>includeInIndex</key>
			<string>0</string>
			<key>isa</key>
			<string>PBXFileReference</string>
			<key>path</key>
			<string>Presenters.framework</string>
			<key>sourceTree</key>
			<string>BUILT_PRODUCTS_DIR</string>
		</dict>
		<key>C9384EF51BD3F71500E1E3EB</key>
		<dict>
			<key>children</key>
			<array>
				<string>C9384F181BD3F8B900E1E3EB</string>
				<string>C9A4DE331BD40B5E009712E6</string>
				<string>C9384F111BD3F74800E1E3EB</string>
				<string>C9384EF61BD3F71500E1E3EB</string>
				<string>C9384EF81BD3F71500E1E3EB</string>
			</array>
			<key>isa</key>
			<string>PBXGroup</string>
			<key>path</key>
			<string>Presenters</string>
			<key>sourceTree</key>
			<string>&lt;group&gt;</string>
		</dict>
		<key>C9384EF61BD3F71500E1E3EB</key>
		<dict>
			<key>isa</key>
			<string>PBXFileReference</string>
			<key>lastKnownFileType</key>
			<string>sourcecode.c.h</string>
			<key>path</key>
			<string>Presenters.h</string>
			<key>sourceTree</key>
			<string>&lt;group&gt;</string>
		</dict>
		<key>C9384EF71BD3F71500E1E3EB</key>
		<dict>
			<key>fileRef</key>
			<string>C9384EF61BD3F71500E1E3EB</string>
			<key>isa</key>
			<string>PBXBuildFile</string>
			<key>settings</key>
			<dict>
				<key>ATTRIBUTES</key>
				<array>
					<string>Public</string>
				</array>
			</dict>
		</dict>
		<key>C9384EF81BD3F71500E1E3EB</key>
		<dict>
			<key>isa</key>
			<string>PBXFileReference</string>
			<key>lastKnownFileType</key>
			<string>text.plist.xml</string>
			<key>path</key>
			<string>Info.plist</string>
			<key>sourceTree</key>
			<string>&lt;group&gt;</string>
		</dict>
		<key>C9384EF91BD3F71500E1E3EB</key>
		<dict>
			<key>buildActionMask</key>
			<string>2147483647</string>
			<key>files</key>
			<array>
				<string>C9384F1A1BD3F8B900E1E3EB</string>
				<string>C947D2081BD508B7007C8CB5</string>
				<string>C9384F171BD3F7E700E1E3EB</string>
				<string>C9A4DE3C1BD41342009712E6</string>
				<string>C947D2071BD508AC007C8CB5</string>
				<string>C9A4DE391BD40C46009712E6</string>
				<string>C9A4DE361BD40C01009712E6</string>
			</array>
			<key>isa</key>
			<string>PBXSourcesBuildPhase</string>
			<key>runOnlyForDeploymentPostprocessing</key>
			<string>0</string>
		</dict>
		<key>C9384EFA1BD3F71500E1E3EB</key>
		<dict>
			<key>buildActionMask</key>
			<string>2147483647</string>
			<key>files</key>
			<array>
				<string>C9384EFE1BD3F71500E1E3EB</string>
			</array>
			<key>isa</key>
			<string>PBXFrameworksBuildPhase</string>
			<key>runOnlyForDeploymentPostprocessing</key>
			<string>0</string>
		</dict>
		<key>C9384EFB1BD3F71500E1E3EB</key>
		<dict>
			<key>buildActionMask</key>
			<string>2147483647</string>
			<key>files</key>
			<array/>
			<key>isa</key>
			<string>PBXResourcesBuildPhase</string>
			<key>runOnlyForDeploymentPostprocessing</key>
			<string>0</string>
		</dict>
		<key>C9384EFC1BD3F71500E1E3EB</key>
		<dict>
			<key>buildConfigurationList</key>
			<string>C9384F0E1BD3F71500E1E3EB</string>
			<key>buildPhases</key>
			<array>
				<string>C9384EF91BD3F71500E1E3EB</string>
				<string>C9384EFA1BD3F71500E1E3EB</string>
				<string>C9384EFB1BD3F71500E1E3EB</string>
			</array>
			<key>buildRules</key>
			<array/>
			<key>dependencies</key>
			<array>
				<string>C9384F001BD3F71500E1E3EB</string>
				<string>C9384F021BD3F71500E1E3EB</string>
			</array>
			<key>isa</key>
			<string>PBXNativeTarget</string>
			<key>name</key>
			<string>PresentersTests</string>
			<key>productName</key>
			<string>PresentersTests</string>
			<key>productReference</key>
			<string>C9384EFD1BD3F71500E1E3EB</string>
			<key>productType</key>
			<string>com.apple.product-type.bundle.unit-test</string>
		</dict>
		<key>C9384EFD1BD3F71500E1E3EB</key>
		<dict>
			<key>explicitFileType</key>
			<string>wrapper.cfbundle</string>
			<key>includeInIndex</key>
			<string>0</string>
			<key>isa</key>
			<string>PBXFileReference</string>
			<key>path</key>
			<string>PresentersTests.xctest</string>
			<key>sourceTree</key>
			<string>BUILT_PRODUCTS_DIR</string>
		</dict>
		<key>C9384EFE1BD3F71500E1E3EB</key>
		<dict>
			<key>fileRef</key>
			<string>C9384EF41BD3F71500E1E3EB</string>
			<key>isa</key>
			<string>PBXBuildFile</string>
		</dict>
		<key>C9384EFF1BD3F71500E1E3EB</key>
		<dict>
			<key>containerPortal</key>
			<string>C9607AB91BD2ADBA003681EF</string>
			<key>isa</key>
			<string>PBXContainerItemProxy</string>
			<key>proxyType</key>
			<string>1</string>
			<key>remoteGlobalIDString</key>
			<string>C9384EF31BD3F71500E1E3EB</string>
			<key>remoteInfo</key>
			<string>Presenters</string>
		</dict>
		<key>C9384F001BD3F71500E1E3EB</key>
		<dict>
			<key>isa</key>
			<string>PBXTargetDependency</string>
			<key>target</key>
			<string>C9384EF31BD3F71500E1E3EB</string>
			<key>targetProxy</key>
			<string>C9384EFF1BD3F71500E1E3EB</string>
		</dict>
		<key>C9384F011BD3F71500E1E3EB</key>
		<dict>
			<key>containerPortal</key>
			<string>C9607AB91BD2ADBA003681EF</string>
			<key>isa</key>
			<string>PBXContainerItemProxy</string>
			<key>proxyType</key>
			<string>1</string>
			<key>remoteGlobalIDString</key>
			<string>C9607AC01BD2ADBA003681EF</string>
			<key>remoteInfo</key>
			<string>CleanWeather</string>
		</dict>
		<key>C9384F021BD3F71500E1E3EB</key>
		<dict>
			<key>isa</key>
			<string>PBXTargetDependency</string>
			<key>target</key>
			<string>C9607AC01BD2ADBA003681EF</string>
			<key>targetProxy</key>
			<string>C9384F011BD3F71500E1E3EB</string>
		</dict>
		<key>C9384F031BD3F71500E1E3EB</key>
		<dict>
			<key>children</key>
			<array>
				<string>C9384F061BD3F71500E1E3EB</string>
				<string>C9A4DE3B1BD41342009712E6</string>
			</array>
			<key>isa</key>
			<string>PBXGroup</string>
			<key>path</key>
			<string>PresentersTests</string>
			<key>sourceTree</key>
			<string>&lt;group&gt;</string>
		</dict>
		<key>C9384F061BD3F71500E1E3EB</key>
		<dict>
			<key>isa</key>
			<string>PBXFileReference</string>
			<key>lastKnownFileType</key>
			<string>text.plist.xml</string>
			<key>path</key>
			<string>Info.plist</string>
			<key>sourceTree</key>
			<string>&lt;group&gt;</string>
		</dict>
		<key>C9384F071BD3F71500E1E3EB</key>
		<dict>
			<key>containerPortal</key>
			<string>C9607AB91BD2ADBA003681EF</string>
			<key>isa</key>
			<string>PBXContainerItemProxy</string>
			<key>proxyType</key>
			<string>1</string>
			<key>remoteGlobalIDString</key>
			<string>C9384EF31BD3F71500E1E3EB</string>
			<key>remoteInfo</key>
			<string>Presenters</string>
		</dict>
		<key>C9384F081BD3F71500E1E3EB</key>
		<dict>
			<key>isa</key>
			<string>PBXTargetDependency</string>
			<key>target</key>
			<string>C9384EF31BD3F71500E1E3EB</string>
			<key>targetProxy</key>
			<string>C9384F071BD3F71500E1E3EB</string>
		</dict>
		<key>C9384F091BD3F71500E1E3EB</key>
		<dict>
			<key>fileRef</key>
			<string>C9384EF41BD3F71500E1E3EB</string>
			<key>isa</key>
			<string>PBXBuildFile</string>
		</dict>
		<key>C9384F0A1BD3F71500E1E3EB</key>
		<dict>
			<key>fileRef</key>
			<string>C9384EF41BD3F71500E1E3EB</string>
			<key>isa</key>
			<string>PBXBuildFile</string>
			<key>settings</key>
			<dict>
				<key>ATTRIBUTES</key>
				<array>
					<string>CodeSignOnCopy</string>
					<string>RemoveHeadersOnCopy</string>
				</array>
			</dict>
		</dict>
		<key>C9384F0B1BD3F71500E1E3EB</key>
		<dict>
			<key>buildConfigurations</key>
			<array>
				<string>C9384F0C1BD3F71500E1E3EB</string>
				<string>C9384F0D1BD3F71500E1E3EB</string>
			</array>
			<key>defaultConfigurationIsVisible</key>
			<string>0</string>
			<key>defaultConfigurationName</key>
			<string>Release</string>
			<key>isa</key>
			<string>XCConfigurationList</string>
		</dict>
		<key>C9384F0C1BD3F71500E1E3EB</key>
		<dict>
			<key>buildSettings</key>
			<dict>
				<key>CURRENT_PROJECT_VERSION</key>
				<string>1</string>
				<key>DEFINES_MODULE</key>
				<string>YES</string>
				<key>DYLIB_COMPATIBILITY_VERSION</key>
				<string>1</string>
				<key>DYLIB_CURRENT_VERSION</key>
				<string>1</string>
				<key>DYLIB_INSTALL_NAME_BASE</key>
				<string>@rpath</string>
				<key>FRAMEWORK_SEARCH_PATHS</key>
				<array>
					<string>$(inherited)</string>
					<string>$(PROJECT_DIR)/build/Debug-iphoneos</string>
				</array>
				<key>INFOPLIST_FILE</key>
				<string>Presenters/Info.plist</string>
				<key>INSTALL_PATH</key>
				<string>$(LOCAL_LIBRARY_DIR)/Frameworks</string>
				<key>LD_RUNPATH_SEARCH_PATHS</key>
				<string>$(inherited) @executable_path/Frameworks @loader_path/Frameworks</string>
				<key>PRODUCT_BUNDLE_IDENTIFIER</key>
				<string>io.rzeczy.Presenters</string>
				<key>PRODUCT_NAME</key>
				<string>$(TARGET_NAME)</string>
				<key>SKIP_INSTALL</key>
				<string>YES</string>
				<key>VERSIONING_SYSTEM</key>
				<string>apple-generic</string>
				<key>VERSION_INFO_PREFIX</key>
				<string></string>
			</dict>
			<key>isa</key>
			<string>XCBuildConfiguration</string>
			<key>name</key>
			<string>Debug</string>
		</dict>
		<key>C9384F0D1BD3F71500E1E3EB</key>
		<dict>
			<key>buildSettings</key>
			<dict>
				<key>CURRENT_PROJECT_VERSION</key>
				<string>1</string>
				<key>DEFINES_MODULE</key>
				<string>YES</string>
				<key>DYLIB_COMPATIBILITY_VERSION</key>
				<string>1</string>
				<key>DYLIB_CURRENT_VERSION</key>
				<string>1</string>
				<key>DYLIB_INSTALL_NAME_BASE</key>
				<string>@rpath</string>
				<key>FRAMEWORK_SEARCH_PATHS</key>
				<array>
					<string>$(inherited)</string>
					<string>$(PROJECT_DIR)/build/Debug-iphoneos</string>
				</array>
				<key>INFOPLIST_FILE</key>
				<string>Presenters/Info.plist</string>
				<key>INSTALL_PATH</key>
				<string>$(LOCAL_LIBRARY_DIR)/Frameworks</string>
				<key>LD_RUNPATH_SEARCH_PATHS</key>
				<string>$(inherited) @executable_path/Frameworks @loader_path/Frameworks</string>
				<key>PRODUCT_BUNDLE_IDENTIFIER</key>
				<string>io.rzeczy.Presenters</string>
				<key>PRODUCT_NAME</key>
				<string>$(TARGET_NAME)</string>
				<key>SKIP_INSTALL</key>
				<string>YES</string>
				<key>VERSIONING_SYSTEM</key>
				<string>apple-generic</string>
				<key>VERSION_INFO_PREFIX</key>
				<string></string>
			</dict>
			<key>isa</key>
			<string>XCBuildConfiguration</string>
			<key>name</key>
			<string>Release</string>
		</dict>
		<key>C9384F0E1BD3F71500E1E3EB</key>
		<dict>
			<key>buildConfigurations</key>
			<array>
				<string>C9384F0F1BD3F71500E1E3EB</string>
				<string>C9384F101BD3F71500E1E3EB</string>
			</array>
			<key>defaultConfigurationIsVisible</key>
			<string>0</string>
			<key>defaultConfigurationName</key>
			<string>Release</string>
			<key>isa</key>
			<string>XCConfigurationList</string>
		</dict>
		<key>C9384F0F1BD3F71500E1E3EB</key>
		<dict>
			<key>buildSettings</key>
			<dict>
				<key>INFOPLIST_FILE</key>
				<string>PresentersTests/Info.plist</string>
				<key>LD_RUNPATH_SEARCH_PATHS</key>
				<string>$(inherited) @executable_path/Frameworks @loader_path/Frameworks</string>
				<key>PRODUCT_BUNDLE_IDENTIFIER</key>
				<string>rzeczy.PresentersTests</string>
				<key>PRODUCT_NAME</key>
				<string>$(TARGET_NAME)</string>
				<key>TEST_HOST</key>
				<string>$(BUILT_PRODUCTS_DIR)/CleanWeather.app/CleanWeather</string>
			</dict>
			<key>isa</key>
			<string>XCBuildConfiguration</string>
			<key>name</key>
			<string>Debug</string>
		</dict>
		<key>C9384F101BD3F71500E1E3EB</key>
		<dict>
			<key>buildSettings</key>
			<dict>
				<key>INFOPLIST_FILE</key>
				<string>PresentersTests/Info.plist</string>
				<key>LD_RUNPATH_SEARCH_PATHS</key>
				<string>$(inherited) @executable_path/Frameworks @loader_path/Frameworks</string>
				<key>PRODUCT_BUNDLE_IDENTIFIER</key>
				<string>rzeczy.PresentersTests</string>
				<key>PRODUCT_NAME</key>
				<string>$(TARGET_NAME)</string>
				<key>TEST_HOST</key>
				<string>$(BUILT_PRODUCTS_DIR)/CleanWeather.app/CleanWeather</string>
			</dict>
			<key>isa</key>
			<string>XCBuildConfiguration</string>
			<key>name</key>
			<string>Release</string>
		</dict>
		<key>C9384F111BD3F74800E1E3EB</key>
		<dict>
			<key>children</key>
			<array>
				<string>C947D1FE1BD44760007C8CB5</string>
				<string>C947D1FF1BD44760007C8CB5</string>
				<string>C9607B261BD2B459003681EF</string>
			</array>
			<key>isa</key>
			<string>PBXGroup</string>
			<key>name</key>
			<string>Forecast</string>
			<key>sourceTree</key>
			<string>&lt;group&gt;</string>
		</dict>
		<key>C9384F151BD3F7E600E1E3EB</key>
		<dict>
			<key>fileRef</key>
			<string>C9607B261BD2B459003681EF</string>
			<key>isa</key>
			<string>PBXBuildFile</string>
		</dict>
		<key>C9384F171BD3F7E700E1E3EB</key>
		<dict>
			<key>fileRef</key>
			<string>C9607B261BD2B459003681EF</string>
			<key>isa</key>
			<string>PBXBuildFile</string>
		</dict>
		<key>C9384F181BD3F8B900E1E3EB</key>
		<dict>
			<key>fileEncoding</key>
			<string>4</string>
			<key>isa</key>
			<string>PBXFileReference</string>
			<key>lastKnownFileType</key>
			<string>sourcecode.swift</string>
			<key>path</key>
			<string>PresenterFactory.swift</string>
			<key>sourceTree</key>
			<string>&lt;group&gt;</string>
		</dict>
		<key>C9384F191BD3F8B900E1E3EB</key>
		<dict>
			<key>fileRef</key>
			<string>C9384F181BD3F8B900E1E3EB</string>
			<key>isa</key>
			<string>PBXBuildFile</string>
		</dict>
		<key>C9384F1A1BD3F8B900E1E3EB</key>
		<dict>
			<key>fileRef</key>
			<string>C9384F181BD3F8B900E1E3EB</string>
			<key>isa</key>
			<string>PBXBuildFile</string>
		</dict>
		<key>C9384F1B1BD3FA9500E1E3EB</key>
		<dict>
			<key>fileRef</key>
			<string>C95B5DEC1BD3242100654458</string>
			<key>isa</key>
			<string>PBXBuildFile</string>
		</dict>
		<key>C9384F1C1BD3FB7B00E1E3EB</key>
		<dict>
			<key>fileEncoding</key>
			<string>4</string>
			<key>isa</key>
			<string>PBXFileReference</string>
			<key>lastKnownFileType</key>
			<string>sourcecode.swift</string>
			<key>path</key>
			<string>LocationService.swift</string>
			<key>sourceTree</key>
			<string>&lt;group&gt;</string>
		</dict>
		<key>C9384F1D1BD3FB7B00E1E3EB</key>
		<dict>
			<key>fileRef</key>
			<string>C9384F1C1BD3FB7B00E1E3EB</string>
			<key>isa</key>
			<string>PBXBuildFile</string>
		</dict>
		<key>C9384F1E1BD3FB7B00E1E3EB</key>
		<dict>
			<key>fileRef</key>
			<string>C9384F1C1BD3FB7B00E1E3EB</string>
			<key>isa</key>
			<string>PBXBuildFile</string>
		</dict>
		<key>C9384F1F1BD3FD3C00E1E3EB</key>
		<dict>
			<key>fileEncoding</key>
			<string>4</string>
			<key>isa</key>
			<string>PBXFileReference</string>
			<key>lastKnownFileType</key>
			<string>sourcecode.swift</string>
			<key>path</key>
			<string>GetCurrentLocationInteractor.swift</string>
			<key>sourceTree</key>
			<string>&lt;group&gt;</string>
		</dict>
		<key>C9384F201BD3FD3C00E1E3EB</key>
		<dict>
			<key>fileRef</key>
			<string>C9384F1F1BD3FD3C00E1E3EB</string>
			<key>isa</key>
			<string>PBXBuildFile</string>
		</dict>
		<key>C9384F211BD3FD3C00E1E3EB</key>
		<dict>
			<key>fileRef</key>
			<string>C9384F1F1BD3FD3C00E1E3EB</string>
			<key>isa</key>
			<string>PBXBuildFile</string>
		</dict>
		<key>C947D1D91BD436DD007C8CB5</key>
		<dict>
			<key>isa</key>
			<string>PBXFileReference</string>
			<key>lastKnownFileType</key>
			<string>wrapper.framework</string>
			<key>name</key>
			<string>SwiftyDispatch.framework</string>
			<key>path</key>
			<string>Pods/../build/Debug-iphoneos/SwiftyDispatch.framework</string>
			<key>sourceTree</key>
			<string>&lt;group&gt;</string>
		</dict>
		<key>C947D1DA1BD436DD007C8CB5</key>
		<dict>
			<key>fileRef</key>
			<string>C947D1D91BD436DD007C8CB5</string>
			<key>isa</key>
			<string>PBXBuildFile</string>
		</dict>
		<key>C947D1DB1BD436E7007C8CB5</key>
		<dict>
			<key>isa</key>
			<string>PBXFileReference</string>
			<key>lastKnownFileType</key>
			<string>wrapper.framework</string>
			<key>name</key>
			<string>SwiftyDispatch.framework</string>
			<key>path</key>
			<string>Pods/../build/Debug-iphoneos/SwiftyDispatch.framework</string>
			<key>sourceTree</key>
			<string>&lt;group&gt;</string>
		</dict>
		<key>C947D1DC1BD436E7007C8CB5</key>
		<dict>
			<key>fileRef</key>
			<string>C947D1DB1BD436E7007C8CB5</string>
			<key>isa</key>
			<string>PBXBuildFile</string>
		</dict>
		<key>C947D1FE1BD44760007C8CB5</key>
		<dict>
			<key>fileEncoding</key>
			<string>4</string>
			<key>isa</key>
			<string>PBXFileReference</string>
			<key>lastKnownFileType</key>
			<string>sourcecode.swift</string>
			<key>path</key>
			<string>ForecastPresenter.swift</string>
			<key>sourceTree</key>
			<string>&lt;group&gt;</string>
		</dict>
		<key>C947D1FF1BD44760007C8CB5</key>
		<dict>
			<key>fileEncoding</key>
			<string>4</string>
			<key>isa</key>
			<string>PBXFileReference</string>
			<key>lastKnownFileType</key>
			<string>sourcecode.swift</string>
			<key>path</key>
			<string>ForecastPresenterProtocol.swift</string>
			<key>sourceTree</key>
			<string>&lt;group&gt;</string>
		</dict>
		<key>C947D2001BD44760007C8CB5</key>
		<dict>
			<key>fileRef</key>
			<string>C947D1FE1BD44760007C8CB5</string>
			<key>isa</key>
			<string>PBXBuildFile</string>
		</dict>
		<key>C947D2011BD44760007C8CB5</key>
		<dict>
			<key>fileRef</key>
			<string>C947D1FF1BD44760007C8CB5</string>
			<key>isa</key>
			<string>PBXBuildFile</string>
		</dict>
		<key>C947D2021BD44E2B007C8CB5</key>
		<dict>
			<key>children</key>
			<array>
				<string>C947D2031BD504DE007C8CB5</string>
				<string>C947D2051BD504F1007C8CB5</string>
			</array>
			<key>isa</key>
			<string>PBXGroup</string>
			<key>name</key>
			<string>Interactors</string>
			<key>sourceTree</key>
			<string>&lt;group&gt;</string>
		</dict>
		<key>C947D2031BD504DE007C8CB5</key>
		<dict>
			<key>fileEncoding</key>
			<string>4</string>
			<key>isa</key>
			<string>PBXFileReference</string>
			<key>lastKnownFileType</key>
			<string>sourcecode.swift</string>
			<key>path</key>
			<string>GetForecastForLocationInteractorTestCase.swift</string>
			<key>sourceTree</key>
			<string>&lt;group&gt;</string>
		</dict>
		<key>C947D2041BD504DE007C8CB5</key>
		<dict>
			<key>fileRef</key>
			<string>C947D2031BD504DE007C8CB5</string>
			<key>isa</key>
			<string>PBXBuildFile</string>
		</dict>
		<key>C947D2051BD504F1007C8CB5</key>
		<dict>
			<key>fileEncoding</key>
			<string>4</string>
			<key>isa</key>
			<string>PBXFileReference</string>
			<key>lastKnownFileType</key>
			<string>sourcecode.swift</string>
			<key>path</key>
			<string>GetCurrentLocationInteractorTestCase.swift</string>
			<key>sourceTree</key>
			<string>&lt;group&gt;</string>
		</dict>
		<key>C947D2061BD504F1007C8CB5</key>
		<dict>
			<key>fileRef</key>
			<string>C947D2051BD504F1007C8CB5</string>
			<key>isa</key>
			<string>PBXBuildFile</string>
		</dict>
		<key>C947D2071BD508AC007C8CB5</key>
		<dict>
			<key>fileRef</key>
			<string>C947D1FF1BD44760007C8CB5</string>
			<key>isa</key>
			<string>PBXBuildFile</string>
		</dict>
		<key>C947D2081BD508B7007C8CB5</key>
		<dict>
			<key>fileRef</key>
			<string>C947D1FE1BD44760007C8CB5</string>
			<key>isa</key>
			<string>PBXBuildFile</string>
		</dict>
		<key>C95B5DDE1BD3022B00654458</key>
		<dict>
			<key>fileEncoding</key>
			<string>4</string>
			<key>isa</key>
			<string>PBXFileReference</string>
			<key>lastKnownFileType</key>
			<string>sourcecode.swift</string>
			<key>path</key>
			<string>ForecastBuilder.swift</string>
			<key>sourceTree</key>
			<string>&lt;group&gt;</string>
		</dict>
		<key>C95B5DDF1BD3022B00654458</key>
		<dict>
			<key>fileRef</key>
			<string>C95B5DDE1BD3022B00654458</string>
			<key>isa</key>
			<string>PBXBuildFile</string>
		</dict>
		<key>C95B5DE01BD3022B00654458</key>
		<dict>
			<key>fileRef</key>
			<string>C95B5DDE1BD3022B00654458</string>
			<key>isa</key>
			<string>PBXBuildFile</string>
		</dict>
		<key>C95B5DE11BD3025700654458</key>
		<dict>
			<key>fileEncoding</key>
			<string>4</string>
			<key>isa</key>
			<string>PBXFileReference</string>
			<key>lastKnownFileType</key>
			<string>sourcecode.swift</string>
			<key>path</key>
			<string>ForecastBuilderTestCase.swift</string>
			<key>sourceTree</key>
			<string>&lt;group&gt;</string>
		</dict>
		<key>C95B5DE31BD31E5A00654458</key>
		<dict>
			<key>isa</key>
			<string>PBXFileReference</string>
			<key>lastKnownFileType</key>
			<string>wrapper.framework</string>
			<key>name</key>
			<string>SwiftyJSON.framework</string>
			<key>path</key>
			<string>Pods/../build/Debug-iphoneos/SwiftyJSON.framework</string>
			<key>sourceTree</key>
			<string>&lt;group&gt;</string>
		</dict>
		<key>C95B5DE51BD31E7700654458</key>
		<dict>
			<key>isa</key>
			<string>PBXFileReference</string>
			<key>lastKnownFileType</key>
			<string>wrapper.framework</string>
			<key>name</key>
			<string>SwiftyJSON.framework</string>
			<key>path</key>
			<string>Pods/../build/Debug-iphoneos/SwiftyJSON.framework</string>
			<key>sourceTree</key>
			<string>&lt;group&gt;</string>
		</dict>
		<key>C95B5DE61BD31E7700654458</key>
		<dict>
			<key>fileRef</key>
			<string>C95B5DE51BD31E7700654458</string>
			<key>isa</key>
			<string>PBXBuildFile</string>
		</dict>
		<key>C95B5DE71BD3224E00654458</key>
		<dict>
			<key>fileRef</key>
			<string>C9607B511BD2ECA6003681EF</string>
			<key>isa</key>
			<string>PBXBuildFile</string>
		</dict>
		<key>C95B5DE81BD3229500654458</key>
		<dict>
			<key>fileRef</key>
			<string>C95B5DE11BD3025700654458</string>
			<key>isa</key>
			<string>PBXBuildFile</string>
		</dict>
		<key>C95B5DE91BD323D100654458</key>
		<dict>
			<key>children</key>
			<array>
				<string>C95B5DEC1BD3242100654458</string>
				<string>C95B5DEA1BD323F500654458</string>
				<string>C9A4DE2D1BD40959009712E6</string>
				<string>C9384F1C1BD3FB7B00E1E3EB</string>
			</array>
			<key>isa</key>
			<string>PBXGroup</string>
			<key>name</key>
			<string>Services</string>
			<key>sourceTree</key>
			<string>&lt;group&gt;</string>
		</dict>
		<key>C95B5DEA1BD323F500654458</key>
		<dict>
			<key>fileEncoding</key>
			<string>4</string>
			<key>isa</key>
			<string>PBXFileReference</string>
			<key>lastKnownFileType</key>
			<string>sourcecode.swift</string>
			<key>path</key>
			<string>NetworkingService.swift</string>
			<key>sourceTree</key>
			<string>&lt;group&gt;</string>
		</dict>
		<key>C95B5DEB1BD323F500654458</key>
		<dict>
			<key>fileRef</key>
			<string>C95B5DEA1BD323F500654458</string>
			<key>isa</key>
			<string>PBXBuildFile</string>
		</dict>
		<key>C95B5DEC1BD3242100654458</key>
		<dict>
			<key>fileEncoding</key>
			<string>4</string>
			<key>isa</key>
			<string>PBXFileReference</string>
			<key>lastKnownFileType</key>
			<string>sourcecode.swift</string>
			<key>path</key>
			<string>ForecastNetworkingProtocol.swift</string>
			<key>sourceTree</key>
			<string>&lt;group&gt;</string>
		</dict>
		<key>C95B5DED1BD3242100654458</key>
		<dict>
			<key>fileRef</key>
			<string>C95B5DEC1BD3242100654458</string>
			<key>isa</key>
			<string>PBXBuildFile</string>
		</dict>
		<key>C9607AB81BD2ADBA003681EF</key>
		<dict>
			<key>children</key>
			<array>
				<string>C9607AC31BD2ADBA003681EF</string>
				<string>C9384EF51BD3F71500E1E3EB</string>
				<string>C9607AF51BD2AE5B003681EF</string>
				<string>C9607AD81BD2ADBA003681EF</string>
				<string>C9384F031BD3F71500E1E3EB</string>
				<string>C9607B031BD2AE5B003681EF</string>
				<string>C9607AC21BD2ADBA003681EF</string>
				<string>1ABE2698C254E8C4BA7C1BF2</string>
				<string>E0FFDFDA5E3FC9762CB698B3</string>
				<string>B204178DE69F41C0A985B8D9</string>
			</array>
			<key>isa</key>
			<string>PBXGroup</string>
			<key>sourceTree</key>
			<string>&lt;group&gt;</string>
		</dict>
		<key>C9607AB91BD2ADBA003681EF</key>
		<dict>
			<key>attributes</key>
			<dict>
				<key>LastSwiftUpdateCheck</key>
				<string>0700</string>
				<key>LastUpgradeCheck</key>
				<string>0700</string>
				<key>ORGANIZATIONNAME</key>
				<string>Marcin Rabursky</string>
				<key>TargetAttributes</key>
				<dict>
					<key>C9384EF31BD3F71500E1E3EB</key>
					<dict>
						<key>CreatedOnToolsVersion</key>
						<string>7.0.1</string>
					</dict>
					<key>C9384EFC1BD3F71500E1E3EB</key>
					<dict>
						<key>CreatedOnToolsVersion</key>
						<string>7.0.1</string>
						<key>TestTargetID</key>
						<string>C9607AC01BD2ADBA003681EF</string>
					</dict>
					<key>C9607AC01BD2ADBA003681EF</key>
					<dict>
						<key>CreatedOnToolsVersion</key>
						<string>7.0.1</string>
					</dict>
					<key>C9607AD41BD2ADBA003681EF</key>
					<dict>
						<key>CreatedOnToolsVersion</key>
						<string>7.0.1</string>
						<key>TestTargetID</key>
						<string>C9607AC01BD2ADBA003681EF</string>
					</dict>
					<key>C9607AF31BD2AE5B003681EF</key>
					<dict>
						<key>CreatedOnToolsVersion</key>
						<string>7.0.1</string>
					</dict>
					<key>C9607AFC1BD2AE5B003681EF</key>
					<dict>
						<key>CreatedOnToolsVersion</key>
						<string>7.0.1</string>
					</dict>
				</dict>
			</dict>
			<key>buildConfigurationList</key>
			<string>C9607ABC1BD2ADBA003681EF</string>
			<key>compatibilityVersion</key>
			<string>Xcode 3.2</string>
			<key>developmentRegion</key>
			<string>English</string>
			<key>hasScannedForEncodings</key>
			<string>0</string>
			<key>isa</key>
			<string>PBXProject</string>
			<key>knownRegions</key>
			<array>
				<string>en</string>
				<string>Base</string>
			</array>
			<key>mainGroup</key>
			<string>C9607AB81BD2ADBA003681EF</string>
			<key>productRefGroup</key>
			<string>C9607AC21BD2ADBA003681EF</string>
			<key>projectDirPath</key>
			<string></string>
			<key>projectReferences</key>
			<array/>
			<key>projectRoot</key>
			<string></string>
			<key>targets</key>
			<array>
				<string>C9607AC01BD2ADBA003681EF</string>
				<string>C9607AD41BD2ADBA003681EF</string>
				<string>C9607AF31BD2AE5B003681EF</string>
				<string>C9607AFC1BD2AE5B003681EF</string>
				<string>C9384EF31BD3F71500E1E3EB</string>
				<string>C9384EFC1BD3F71500E1E3EB</string>
			</array>
		</dict>
		<key>C9607ABC1BD2ADBA003681EF</key>
		<dict>
			<key>buildConfigurations</key>
			<array>
				<string>C9607ADC1BD2ADBA003681EF</string>
				<string>C9607ADD1BD2ADBA003681EF</string>
			</array>
			<key>defaultConfigurationIsVisible</key>
			<string>0</string>
			<key>defaultConfigurationName</key>
			<string>Release</string>
			<key>isa</key>
			<string>XCConfigurationList</string>
		</dict>
		<key>C9607ABD1BD2ADBA003681EF</key>
		<dict>
			<key>buildActionMask</key>
			<string>2147483647</string>
			<key>files</key>
			<array>
				<string>C9607AC51BD2ADBA003681EF</string>
				<string>C9607B211BD2B322003681EF</string>
			</array>
			<key>isa</key>
			<string>PBXSourcesBuildPhase</string>
			<key>runOnlyForDeploymentPostprocessing</key>
			<string>0</string>
		</dict>
		<key>C9607ABE1BD2ADBA003681EF</key>
		<dict>
			<key>buildActionMask</key>
			<string>2147483647</string>
			<key>files</key>
			<array>
				<string>C9607B091BD2AE5B003681EF</string>
				<string>C9384F091BD3F71500E1E3EB</string>
				<string>5998C31DCC55157C962C8B1B</string>
				<string>383F69BF49A0E9318460515F</string>
				<string>D2D77D28510705AE2D0E35FE</string>
				<string>B6E6F198487C004683C58697</string>
				<string>7E661E0CBC78A00D1AAD02A5</string>
				<string>2B2C7DAA29D79519782C0AC5</string>
				<string>90F0D323E6A65FC97B925A03</string>
				<string>2E6E05FD29EDEE87D75B6F60</string>
				<string>3F82211A27E8B22BEA519EB5</string>
				<string>55AEAA6F1EC2F6C5A6E44694</string>
			</array>
			<key>isa</key>
			<string>PBXFrameworksBuildPhase</string>
			<key>runOnlyForDeploymentPostprocessing</key>
			<string>0</string>
		</dict>
		<key>C9607ABF1BD2ADBA003681EF</key>
		<dict>
			<key>buildActionMask</key>
			<string>2147483647</string>
			<key>files</key>
			<array>
				<string>C9607ACF1BD2ADBA003681EF</string>
				<string>C9607ACC1BD2ADBA003681EF</string>
				<string>C9607ACA1BD2ADBA003681EF</string>
			</array>
			<key>isa</key>
			<string>PBXResourcesBuildPhase</string>
			<key>runOnlyForDeploymentPostprocessing</key>
			<string>0</string>
		</dict>
		<key>C9607AC01BD2ADBA003681EF</key>
		<dict>
			<key>buildConfigurationList</key>
			<string>C9607ADE1BD2ADBA003681EF</string>
			<key>buildPhases</key>
			<array>
				<string>54ECF722ACEDFF398F30C0F0</string>
				<string>C9607ABD1BD2ADBA003681EF</string>
				<string>C9607ABE1BD2ADBA003681EF</string>
				<string>C9607ABF1BD2ADBA003681EF</string>
				<string>C9607B0E1BD2AE5B003681EF</string>
				<string>17EA88B7B1FC8DA127254430</string>
				<string>C40CA8E7B3155E27E768C527</string>
			</array>
			<key>buildRules</key>
			<array/>
			<key>dependencies</key>
			<array>
				<string>C9607B081BD2AE5B003681EF</string>
				<string>C9384F081BD3F71500E1E3EB</string>
			</array>
			<key>isa</key>
			<string>PBXNativeTarget</string>
			<key>name</key>
			<string>CleanWeather</string>
			<key>productName</key>
			<string>CleanWeather</string>
			<key>productReference</key>
			<string>C9607AC11BD2ADBA003681EF</string>
			<key>productType</key>
			<string>com.apple.product-type.application</string>
		</dict>
		<key>C9607AC11BD2ADBA003681EF</key>
		<dict>
			<key>explicitFileType</key>
			<string>wrapper.application</string>
			<key>includeInIndex</key>
			<string>0</string>
			<key>isa</key>
			<string>PBXFileReference</string>
			<key>path</key>
			<string>CleanWeather.app</string>
			<key>sourceTree</key>
			<string>BUILT_PRODUCTS_DIR</string>
		</dict>
		<key>C9607AC21BD2ADBA003681EF</key>
		<dict>
			<key>children</key>
			<array>
				<string>C9607AC11BD2ADBA003681EF</string>
				<string>C9607AD51BD2ADBA003681EF</string>
				<string>C9607AF41BD2AE5B003681EF</string>
				<string>C9607AFD1BD2AE5B003681EF</string>
				<string>C9384EF41BD3F71500E1E3EB</string>
				<string>C9384EFD1BD3F71500E1E3EB</string>
			</array>
			<key>isa</key>
			<string>PBXGroup</string>
			<key>name</key>
			<string>Products</string>
			<key>sourceTree</key>
			<string>&lt;group&gt;</string>
		</dict>
		<key>C9607AC31BD2ADBA003681EF</key>
		<dict>
			<key>children</key>
			<array>
				<string>C9607AC41BD2ADBA003681EF</string>
				<string>C9607B1F1BD2B2EA003681EF</string>
				<string>C9607B1E1BD2B2E4003681EF</string>
			</array>
			<key>isa</key>
			<string>PBXGroup</string>
			<key>path</key>
			<string>CleanWeather</string>
			<key>sourceTree</key>
			<string>&lt;group&gt;</string>
		</dict>
		<key>C9607AC41BD2ADBA003681EF</key>
		<dict>
			<key>isa</key>
			<string>PBXFileReference</string>
			<key>lastKnownFileType</key>
			<string>sourcecode.swift</string>
			<key>path</key>
			<string>AppDelegate.swift</string>
			<key>sourceTree</key>
			<string>&lt;group&gt;</string>
		</dict>
		<key>C9607AC51BD2ADBA003681EF</key>
		<dict>
			<key>fileRef</key>
			<string>C9607AC41BD2ADBA003681EF</string>
			<key>isa</key>
			<string>PBXBuildFile</string>
		</dict>
		<key>C9607AC81BD2ADBA003681EF</key>
		<dict>
			<key>children</key>
			<array>
				<string>C9607AC91BD2ADBA003681EF</string>
			</array>
			<key>isa</key>
			<string>PBXVariantGroup</string>
			<key>name</key>
			<string>Main.storyboard</string>
			<key>sourceTree</key>
			<string>&lt;group&gt;</string>
		</dict>
		<key>C9607AC91BD2ADBA003681EF</key>
		<dict>
			<key>isa</key>
			<string>PBXFileReference</string>
			<key>lastKnownFileType</key>
			<string>file.storyboard</string>
			<key>name</key>
			<string>Base</string>
			<key>path</key>
			<string>Base.lproj/Main.storyboard</string>
			<key>sourceTree</key>
			<string>&lt;group&gt;</string>
		</dict>
		<key>C9607ACA1BD2ADBA003681EF</key>
		<dict>
			<key>fileRef</key>
			<string>C9607AC81BD2ADBA003681EF</string>
			<key>isa</key>
			<string>PBXBuildFile</string>
		</dict>
		<key>C9607ACB1BD2ADBA003681EF</key>
		<dict>
			<key>isa</key>
			<string>PBXFileReference</string>
			<key>lastKnownFileType</key>
			<string>folder.assetcatalog</string>
			<key>path</key>
			<string>Assets.xcassets</string>
			<key>sourceTree</key>
			<string>&lt;group&gt;</string>
		</dict>
		<key>C9607ACC1BD2ADBA003681EF</key>
		<dict>
			<key>fileRef</key>
			<string>C9607ACB1BD2ADBA003681EF</string>
			<key>isa</key>
			<string>PBXBuildFile</string>
		</dict>
		<key>C9607ACD1BD2ADBA003681EF</key>
		<dict>
			<key>children</key>
			<array>
				<string>C9607ACE1BD2ADBA003681EF</string>
			</array>
			<key>isa</key>
			<string>PBXVariantGroup</string>
			<key>name</key>
			<string>LaunchScreen.storyboard</string>
			<key>sourceTree</key>
			<string>&lt;group&gt;</string>
		</dict>
		<key>C9607ACE1BD2ADBA003681EF</key>
		<dict>
			<key>isa</key>
			<string>PBXFileReference</string>
			<key>lastKnownFileType</key>
			<string>file.storyboard</string>
			<key>name</key>
			<string>Base</string>
			<key>path</key>
			<string>Base.lproj/LaunchScreen.storyboard</string>
			<key>sourceTree</key>
			<string>&lt;group&gt;</string>
		</dict>
		<key>C9607ACF1BD2ADBA003681EF</key>
		<dict>
			<key>fileRef</key>
			<string>C9607ACD1BD2ADBA003681EF</string>
			<key>isa</key>
			<string>PBXBuildFile</string>
		</dict>
		<key>C9607AD01BD2ADBA003681EF</key>
		<dict>
			<key>isa</key>
			<string>PBXFileReference</string>
			<key>lastKnownFileType</key>
			<string>text.plist.xml</string>
			<key>path</key>
			<string>Info.plist</string>
			<key>sourceTree</key>
			<string>&lt;group&gt;</string>
		</dict>
		<key>C9607AD11BD2ADBA003681EF</key>
		<dict>
			<key>buildActionMask</key>
			<string>2147483647</string>
			<key>files</key>
			<array/>
			<key>isa</key>
			<string>PBXSourcesBuildPhase</string>
			<key>runOnlyForDeploymentPostprocessing</key>
			<string>0</string>
		</dict>
		<key>C9607AD21BD2ADBA003681EF</key>
		<dict>
			<key>buildActionMask</key>
			<string>2147483647</string>
			<key>files</key>
			<array/>
			<key>isa</key>
			<string>PBXFrameworksBuildPhase</string>
			<key>runOnlyForDeploymentPostprocessing</key>
			<string>0</string>
		</dict>
		<key>C9607AD31BD2ADBA003681EF</key>
		<dict>
			<key>buildActionMask</key>
			<string>2147483647</string>
			<key>files</key>
			<array/>
			<key>isa</key>
			<string>PBXResourcesBuildPhase</string>
			<key>runOnlyForDeploymentPostprocessing</key>
			<string>0</string>
		</dict>
		<key>C9607AD41BD2ADBA003681EF</key>
		<dict>
			<key>buildConfigurationList</key>
			<string>C9607AE11BD2ADBA003681EF</string>
			<key>buildPhases</key>
			<array>
				<string>C9607AD11BD2ADBA003681EF</string>
				<string>C9607AD21BD2ADBA003681EF</string>
				<string>C9607AD31BD2ADBA003681EF</string>
			</array>
			<key>buildRules</key>
			<array/>
			<key>dependencies</key>
			<array>
				<string>C9607AD71BD2ADBA003681EF</string>
			</array>
			<key>isa</key>
			<string>PBXNativeTarget</string>
			<key>name</key>
			<string>CleanWeatherTests</string>
			<key>productName</key>
			<string>CleanWeatherTests</string>
			<key>productReference</key>
			<string>C9607AD51BD2ADBA003681EF</string>
			<key>productType</key>
			<string>com.apple.product-type.bundle.unit-test</string>
		</dict>
		<key>C9607AD51BD2ADBA003681EF</key>
		<dict>
			<key>explicitFileType</key>
			<string>wrapper.cfbundle</string>
			<key>includeInIndex</key>
			<string>0</string>
			<key>isa</key>
			<string>PBXFileReference</string>
			<key>path</key>
			<string>CleanWeatherTests.xctest</string>
			<key>sourceTree</key>
			<string>BUILT_PRODUCTS_DIR</string>
		</dict>
		<key>C9607AD61BD2ADBA003681EF</key>
		<dict>
			<key>containerPortal</key>
			<string>C9607AB91BD2ADBA003681EF</string>
			<key>isa</key>
			<string>PBXContainerItemProxy</string>
			<key>proxyType</key>
			<string>1</string>
			<key>remoteGlobalIDString</key>
			<string>C9607AC01BD2ADBA003681EF</string>
			<key>remoteInfo</key>
			<string>CleanWeather</string>
		</dict>
		<key>C9607AD71BD2ADBA003681EF</key>
		<dict>
			<key>isa</key>
			<string>PBXTargetDependency</string>
			<key>target</key>
			<string>C9607AC01BD2ADBA003681EF</string>
			<key>targetProxy</key>
			<string>C9607AD61BD2ADBA003681EF</string>
		</dict>
		<key>C9607AD81BD2ADBA003681EF</key>
		<dict>
			<key>children</key>
			<array>
				<string>C9607ADB1BD2ADBA003681EF</string>
			</array>
			<key>isa</key>
			<string>PBXGroup</string>
			<key>path</key>
			<string>CleanWeatherTests</string>
			<key>sourceTree</key>
			<string>&lt;group&gt;</string>
		</dict>
		<key>C9607ADB1BD2ADBA003681EF</key>
		<dict>
			<key>isa</key>
			<string>PBXFileReference</string>
			<key>lastKnownFileType</key>
			<string>text.plist.xml</string>
			<key>path</key>
			<string>Info.plist</string>
			<key>sourceTree</key>
			<string>&lt;group&gt;</string>
		</dict>
		<key>C9607ADC1BD2ADBA003681EF</key>
		<dict>
			<key>buildSettings</key>
			<dict>
				<key>ALWAYS_SEARCH_USER_PATHS</key>
				<string>NO</string>
				<key>CLANG_CXX_LANGUAGE_STANDARD</key>
				<string>gnu++0x</string>
				<key>CLANG_CXX_LIBRARY</key>
				<string>libc++</string>
				<key>CLANG_ENABLE_MODULES</key>
				<string>YES</string>
				<key>CLANG_ENABLE_OBJC_ARC</key>
				<string>YES</string>
				<key>CLANG_WARN_BOOL_CONVERSION</key>
				<string>YES</string>
				<key>CLANG_WARN_CONSTANT_CONVERSION</key>
				<string>YES</string>
				<key>CLANG_WARN_DIRECT_OBJC_ISA_USAGE</key>
				<string>YES_ERROR</string>
				<key>CLANG_WARN_EMPTY_BODY</key>
				<string>YES</string>
				<key>CLANG_WARN_ENUM_CONVERSION</key>
				<string>YES</string>
				<key>CLANG_WARN_INT_CONVERSION</key>
				<string>YES</string>
				<key>CLANG_WARN_OBJC_ROOT_CLASS</key>
				<string>YES_ERROR</string>
				<key>CLANG_WARN_UNREACHABLE_CODE</key>
				<string>YES</string>
				<key>CLANG_WARN__DUPLICATE_METHOD_MATCH</key>
				<string>YES</string>
				<key>CODE_SIGN_IDENTITY[sdk=iphoneos*]</key>
				<string>iPhone Developer</string>
				<key>COPY_PHASE_STRIP</key>
				<string>NO</string>
				<key>DEBUG_INFORMATION_FORMAT</key>
				<string>dwarf</string>
				<key>ENABLE_STRICT_OBJC_MSGSEND</key>
				<string>YES</string>
				<key>ENABLE_TESTABILITY</key>
				<string>YES</string>
				<key>GCC_C_LANGUAGE_STANDARD</key>
				<string>gnu99</string>
				<key>GCC_DYNAMIC_NO_PIC</key>
				<string>NO</string>
				<key>GCC_NO_COMMON_BLOCKS</key>
				<string>YES</string>
				<key>GCC_OPTIMIZATION_LEVEL</key>
				<string>0</string>
				<key>GCC_PREPROCESSOR_DEFINITIONS</key>
				<array>
					<string>DEBUG=1</string>
					<string>$(inherited)</string>
				</array>
				<key>GCC_WARN_64_TO_32_BIT_CONVERSION</key>
				<string>YES</string>
				<key>GCC_WARN_ABOUT_RETURN_TYPE</key>
				<string>YES_ERROR</string>
				<key>GCC_WARN_UNDECLARED_SELECTOR</key>
				<string>YES</string>
				<key>GCC_WARN_UNINITIALIZED_AUTOS</key>
				<string>YES_AGGRESSIVE</string>
				<key>GCC_WARN_UNUSED_FUNCTION</key>
				<string>YES</string>
				<key>GCC_WARN_UNUSED_VARIABLE</key>
				<string>YES</string>
				<key>IPHONEOS_DEPLOYMENT_TARGET</key>
				<string>9.0</string>
				<key>MTL_ENABLE_DEBUG_INFO</key>
				<string>YES</string>
				<key>ONLY_ACTIVE_ARCH</key>
				<string>YES</string>
				<key>SDKROOT</key>
				<string>iphoneos</string>
				<key>SWIFT_OPTIMIZATION_LEVEL</key>
				<string>-Onone</string>
				<key>TARGETED_DEVICE_FAMILY</key>
				<string>1,2</string>
			</dict>
			<key>isa</key>
			<string>XCBuildConfiguration</string>
			<key>name</key>
			<string>Debug</string>
		</dict>
		<key>C9607ADD1BD2ADBA003681EF</key>
		<dict>
			<key>buildSettings</key>
			<dict>
				<key>ALWAYS_SEARCH_USER_PATHS</key>
				<string>NO</string>
				<key>CLANG_CXX_LANGUAGE_STANDARD</key>
				<string>gnu++0x</string>
				<key>CLANG_CXX_LIBRARY</key>
				<string>libc++</string>
				<key>CLANG_ENABLE_MODULES</key>
				<string>YES</string>
				<key>CLANG_ENABLE_OBJC_ARC</key>
				<string>YES</string>
				<key>CLANG_WARN_BOOL_CONVERSION</key>
				<string>YES</string>
				<key>CLANG_WARN_CONSTANT_CONVERSION</key>
				<string>YES</string>
				<key>CLANG_WARN_DIRECT_OBJC_ISA_USAGE</key>
				<string>YES_ERROR</string>
				<key>CLANG_WARN_EMPTY_BODY</key>
				<string>YES</string>
				<key>CLANG_WARN_ENUM_CONVERSION</key>
				<string>YES</string>
				<key>CLANG_WARN_INT_CONVERSION</key>
				<string>YES</string>
				<key>CLANG_WARN_OBJC_ROOT_CLASS</key>
				<string>YES_ERROR</string>
				<key>CLANG_WARN_UNREACHABLE_CODE</key>
				<string>YES</string>
				<key>CLANG_WARN__DUPLICATE_METHOD_MATCH</key>
				<string>YES</string>
				<key>CODE_SIGN_IDENTITY[sdk=iphoneos*]</key>
				<string>iPhone Developer</string>
				<key>COPY_PHASE_STRIP</key>
				<string>NO</string>
				<key>DEBUG_INFORMATION_FORMAT</key>
				<string>dwarf-with-dsym</string>
				<key>ENABLE_NS_ASSERTIONS</key>
				<string>NO</string>
				<key>ENABLE_STRICT_OBJC_MSGSEND</key>
				<string>YES</string>
				<key>GCC_C_LANGUAGE_STANDARD</key>
				<string>gnu99</string>
				<key>GCC_NO_COMMON_BLOCKS</key>
				<string>YES</string>
				<key>GCC_WARN_64_TO_32_BIT_CONVERSION</key>
				<string>YES</string>
				<key>GCC_WARN_ABOUT_RETURN_TYPE</key>
				<string>YES_ERROR</string>
				<key>GCC_WARN_UNDECLARED_SELECTOR</key>
				<string>YES</string>
				<key>GCC_WARN_UNINITIALIZED_AUTOS</key>
				<string>YES_AGGRESSIVE</string>
				<key>GCC_WARN_UNUSED_FUNCTION</key>
				<string>YES</string>
				<key>GCC_WARN_UNUSED_VARIABLE</key>
				<string>YES</string>
				<key>IPHONEOS_DEPLOYMENT_TARGET</key>
				<string>9.0</string>
				<key>MTL_ENABLE_DEBUG_INFO</key>
				<string>NO</string>
				<key>SDKROOT</key>
				<string>iphoneos</string>
				<key>TARGETED_DEVICE_FAMILY</key>
				<string>1,2</string>
				<key>VALIDATE_PRODUCT</key>
				<string>YES</string>
			</dict>
			<key>isa</key>
			<string>XCBuildConfiguration</string>
			<key>name</key>
			<string>Release</string>
		</dict>
		<key>C9607ADE1BD2ADBA003681EF</key>
		<dict>
			<key>buildConfigurations</key>
			<array>
				<string>C9607ADF1BD2ADBA003681EF</string>
				<string>C9607AE01BD2ADBA003681EF</string>
			</array>
			<key>defaultConfigurationIsVisible</key>
			<string>0</string>
			<key>defaultConfigurationName</key>
			<string>Release</string>
			<key>isa</key>
			<string>XCConfigurationList</string>
		</dict>
		<key>C9607ADF1BD2ADBA003681EF</key>
		<dict>
			<key>baseConfigurationReference</key>
			<string>382D1C4D525C6CFA02DCCC82</string>
			<key>buildSettings</key>
			<dict>
				<key>ASSETCATALOG_COMPILER_APPICON_NAME</key>
				<string>AppIcon</string>
				<key>EMBEDDED_CONTENT_CONTAINS_SWIFT</key>
				<string>YES</string>
				<key>FRAMEWORK_SEARCH_PATHS</key>
				<array>
					<string>$(inherited)</string>
					<string>$(PROJECT_DIR)/build/Debug-iphoneos</string>
					<string>$(PROJECT_DIR)</string>
				</array>
				<key>INFOPLIST_FILE</key>
				<string>CleanWeather/Info.plist</string>
				<key>LD_RUNPATH_SEARCH_PATHS</key>
				<string>$(inherited) @executable_path/Frameworks</string>
				<key>PRODUCT_BUNDLE_IDENTIFIER</key>
				<string>io.rzeczy.CleanWeather</string>
				<key>PRODUCT_NAME</key>
				<string>$(TARGET_NAME)</string>
				<key>SWIFT_OBJC_BRIDGING_HEADER</key>
				<string>Bridging-Header.h</string>
			</dict>
			<key>isa</key>
			<string>XCBuildConfiguration</string>
			<key>name</key>
			<string>Debug</string>
		</dict>
		<key>C9607AE01BD2ADBA003681EF</key>
		<dict>
			<key>baseConfigurationReference</key>
			<string>199B16271688640BABE847AD</string>
			<key>buildSettings</key>
			<dict>
				<key>ASSETCATALOG_COMPILER_APPICON_NAME</key>
				<string>AppIcon</string>
				<key>EMBEDDED_CONTENT_CONTAINS_SWIFT</key>
				<string>YES</string>
				<key>FRAMEWORK_SEARCH_PATHS</key>
				<array>
					<string>$(inherited)</string>
					<string>$(PROJECT_DIR)/build/Debug-iphoneos</string>
					<string>$(PROJECT_DIR)</string>
				</array>
				<key>INFOPLIST_FILE</key>
				<string>CleanWeather/Info.plist</string>
				<key>LD_RUNPATH_SEARCH_PATHS</key>
				<string>$(inherited) @executable_path/Frameworks</string>
				<key>PRODUCT_BUNDLE_IDENTIFIER</key>
				<string>io.rzeczy.CleanWeather</string>
				<key>PRODUCT_NAME</key>
				<string>$(TARGET_NAME)</string>
				<key>SWIFT_OBJC_BRIDGING_HEADER</key>
				<string>Bridging-Header.h</string>
			</dict>
			<key>isa</key>
			<string>XCBuildConfiguration</string>
			<key>name</key>
			<string>Release</string>
		</dict>
		<key>C9607AE11BD2ADBA003681EF</key>
		<dict>
			<key>buildConfigurations</key>
			<array>
				<string>C9607AE21BD2ADBA003681EF</string>
				<string>C9607AE31BD2ADBA003681EF</string>
			</array>
			<key>defaultConfigurationIsVisible</key>
			<string>0</string>
			<key>defaultConfigurationName</key>
			<string>Release</string>
			<key>isa</key>
			<string>XCConfigurationList</string>
		</dict>
		<key>C9607AE21BD2ADBA003681EF</key>
		<dict>
			<key>buildSettings</key>
			<dict>
				<key>BUNDLE_LOADER</key>
				<string>$(TEST_HOST)</string>
				<key>INFOPLIST_FILE</key>
				<string>CleanWeatherTests/Info.plist</string>
				<key>LD_RUNPATH_SEARCH_PATHS</key>
				<string>$(inherited) @executable_path/Frameworks @loader_path/Frameworks</string>
				<key>PRODUCT_BUNDLE_IDENTIFIER</key>
				<string>rzeczy.CleanWeatherTests</string>
				<key>PRODUCT_NAME</key>
				<string>$(TARGET_NAME)</string>
				<key>TEST_HOST</key>
				<string>$(BUILT_PRODUCTS_DIR)/CleanWeather.app/CleanWeather</string>
			</dict>
			<key>isa</key>
			<string>XCBuildConfiguration</string>
			<key>name</key>
			<string>Debug</string>
		</dict>
		<key>C9607AE31BD2ADBA003681EF</key>
		<dict>
			<key>buildSettings</key>
			<dict>
				<key>BUNDLE_LOADER</key>
				<string>$(TEST_HOST)</string>
				<key>INFOPLIST_FILE</key>
				<string>CleanWeatherTests/Info.plist</string>
				<key>LD_RUNPATH_SEARCH_PATHS</key>
				<string>$(inherited) @executable_path/Frameworks @loader_path/Frameworks</string>
				<key>PRODUCT_BUNDLE_IDENTIFIER</key>
				<string>rzeczy.CleanWeatherTests</string>
				<key>PRODUCT_NAME</key>
				<string>$(TARGET_NAME)</string>
				<key>TEST_HOST</key>
				<string>$(BUILT_PRODUCTS_DIR)/CleanWeather.app/CleanWeather</string>
			</dict>
			<key>isa</key>
			<string>XCBuildConfiguration</string>
			<key>name</key>
			<string>Release</string>
		</dict>
		<key>C9607AEF1BD2AE5B003681EF</key>
		<dict>
			<key>buildActionMask</key>
			<string>2147483647</string>
			<key>files</key>
			<array>
				<string>C9384F1D1BD3FB7B00E1E3EB</string>
				<string>C9607B2B1BD2B5CA003681EF</string>
				<string>C9607B451BD2DE5F003681EF</string>
				<string>C9607B1C1BD2B2C2003681EF</string>
				<string>C9A4DE311BD40B09009712E6</string>
				<string>C9A4DE2E1BD40959009712E6</string>
				<string>C9607B191BD2B22C003681EF</string>
				<string>C95B5DDF1BD3022B00654458</string>
				<string>C9384EEE1BD32CDC00E1E3EB</string>
				<string>C9607B291BD2B535003681EF</string>
				<string>C9607B421BD2D523003681EF</string>
				<string>C9384F201BD3FD3C00E1E3EB</string>
				<string>C9607B161BD2B1E9003681EF</string>
				<string>C95B5DED1BD3242100654458</string>
				<string>C95B5DEB1BD323F500654458</string>
				<string>C9607B331BD2D170003681EF</string>
				<string>C9607B4F1BD2EC6E003681EF</string>
			</array>
			<key>isa</key>
			<string>PBXSourcesBuildPhase</string>
			<key>runOnlyForDeploymentPostprocessing</key>
			<string>0</string>
		</dict>
		<key>C9607AF01BD2AE5B003681EF</key>
		<dict>
			<key>buildActionMask</key>
			<string>2147483647</string>
			<key>files</key>
			<array>
				<string>E865F5471C505865009B32BF</string>
				<string>C947D1DA1BD436DD007C8CB5</string>
				<string>C9384EEA1BD326B100E1E3EB</string>
				<string>C95B5DE61BD31E7700654458</string>
			</array>
			<key>isa</key>
			<string>PBXFrameworksBuildPhase</string>
			<key>runOnlyForDeploymentPostprocessing</key>
			<string>0</string>
		</dict>
		<key>C9607AF11BD2AE5B003681EF</key>
		<dict>
			<key>buildActionMask</key>
			<string>2147483647</string>
			<key>files</key>
			<array>
				<string>C9607AF71BD2AE5B003681EF</string>
			</array>
			<key>isa</key>
			<string>PBXHeadersBuildPhase</string>
			<key>runOnlyForDeploymentPostprocessing</key>
			<string>0</string>
		</dict>
		<key>C9607AF21BD2AE5B003681EF</key>
		<dict>
			<key>buildActionMask</key>
			<string>2147483647</string>
			<key>files</key>
			<array/>
			<key>isa</key>
			<string>PBXResourcesBuildPhase</string>
			<key>runOnlyForDeploymentPostprocessing</key>
			<string>0</string>
		</dict>
		<key>C9607AF31BD2AE5B003681EF</key>
		<dict>
			<key>buildConfigurationList</key>
			<string>C9607B0B1BD2AE5B003681EF</string>
			<key>buildPhases</key>
			<array>
				<string>C9607AEF1BD2AE5B003681EF</string>
				<string>C9607AF01BD2AE5B003681EF</string>
				<string>C9607AF11BD2AE5B003681EF</string>
				<string>C9607AF21BD2AE5B003681EF</string>
			</array>
			<key>buildRules</key>
			<array/>
			<key>dependencies</key>
			<array/>
			<key>isa</key>
			<string>PBXNativeTarget</string>
			<key>name</key>
			<string>Domain</string>
			<key>productName</key>
			<string>Domain</string>
			<key>productReference</key>
			<string>C9607AF41BD2AE5B003681EF</string>
			<key>productType</key>
			<string>com.apple.product-type.framework</string>
		</dict>
		<key>C9607AF41BD2AE5B003681EF</key>
		<dict>
			<key>explicitFileType</key>
			<string>wrapper.framework</string>
			<key>includeInIndex</key>
			<string>0</string>
			<key>isa</key>
			<string>PBXFileReference</string>
			<key>path</key>
			<string>Domain.framework</string>
			<key>sourceTree</key>
			<string>BUILT_PRODUCTS_DIR</string>
		</dict>
		<key>C9607AF51BD2AE5B003681EF</key>
		<dict>
			<key>children</key>
			<array>
				<string>C9384EED1BD32CDC00E1E3EB</string>
				<string>C9607B121BD2B13D003681EF</string>
				<string>C9607B141BD2B150003681EF</string>
				<string>C9607B131BD2B148003681EF</string>
				<string>C9607AF61BD2AE5B003681EF</string>
				<string>C9607AF81BD2AE5B003681EF</string>
				<string>C9607B321BD2D170003681EF</string>
			</array>
			<key>isa</key>
			<string>PBXGroup</string>
			<key>path</key>
			<string>Domain</string>
			<key>sourceTree</key>
			<string>&lt;group&gt;</string>
		</dict>
		<key>C9607AF61BD2AE5B003681EF</key>
		<dict>
			<key>isa</key>
			<string>PBXFileReference</string>
			<key>lastKnownFileType</key>
			<string>sourcecode.c.h</string>
			<key>path</key>
			<string>Domain.h</string>
			<key>sourceTree</key>
			<string>&lt;group&gt;</string>
		</dict>
		<key>C9607AF71BD2AE5B003681EF</key>
		<dict>
			<key>fileRef</key>
			<string>C9607AF61BD2AE5B003681EF</string>
			<key>isa</key>
			<string>PBXBuildFile</string>
			<key>settings</key>
			<dict>
				<key>ATTRIBUTES</key>
				<array>
					<string>Public</string>
				</array>
			</dict>
		</dict>
		<key>C9607AF81BD2AE5B003681EF</key>
		<dict>
			<key>isa</key>
			<string>PBXFileReference</string>
			<key>lastKnownFileType</key>
			<string>text.plist.xml</string>
			<key>path</key>
			<string>Info.plist</string>
			<key>sourceTree</key>
			<string>&lt;group&gt;</string>
		</dict>
		<key>C9607AF91BD2AE5B003681EF</key>
		<dict>
			<key>buildActionMask</key>
			<string>2147483647</string>
			<key>files</key>
			<array>
				<string>C947D2061BD504F1007C8CB5</string>
				<string>C9384EEB1BD3285E00E1E3EB</string>
				<string>C9607B481BD2DE63003681EF</string>
				<string>C9607B051BD2AE5B003681EF</string>
				<string>C9607B2E1BD2D11A003681EF</string>
				<string>C9607B2F1BD2D11A003681EF</string>
				<string>C9607B341BD2D18B003681EF</string>
				<string>C9384F211BD3FD3C00E1E3EB</string>
				<string>C9607B4D1BD2E059003681EF</string>
				<string>C947D2041BD504DE007C8CB5</string>
				<string>C95B5DE71BD3224E00654458</string>
				<string>C9384F1B1BD3FA9500E1E3EB</string>
				<string>C9607B501BD2EC6E003681EF</string>
				<string>C95B5DE81BD3229500654458</string>
				<string>C9607B1D1BD2B2C2003681EF</string>
				<string>C95B5DE01BD3022B00654458</string>
				<string>C9607B311BD2D11A003681EF</string>
				<string>C9607B471BD2DE63003681EF</string>
				<string>C9A4DE321BD40B09009712E6</string>
				<string>C9384F1E1BD3FB7B00E1E3EB</string>
				<string>C9A4DE2F1BD40959009712E6</string>
				<string>C9607B301BD2D11A003681EF</string>
			</array>
			<key>isa</key>
			<string>PBXSourcesBuildPhase</string>
			<key>runOnlyForDeploymentPostprocessing</key>
			<string>0</string>
		</dict>
		<key>C9607AFA1BD2AE5B003681EF</key>
		<dict>
			<key>buildActionMask</key>
			<string>2147483647</string>
			<key>files</key>
			<array>
				<string>C9607AFE1BD2AE5B003681EF</string>
			</array>
			<key>isa</key>
			<string>PBXFrameworksBuildPhase</string>
			<key>runOnlyForDeploymentPostprocessing</key>
			<string>0</string>
		</dict>
		<key>C9607AFB1BD2AE5B003681EF</key>
		<dict>
			<key>buildActionMask</key>
			<string>2147483647</string>
			<key>files</key>
			<array/>
			<key>isa</key>
			<string>PBXResourcesBuildPhase</string>
			<key>runOnlyForDeploymentPostprocessing</key>
			<string>0</string>
		</dict>
		<key>C9607AFC1BD2AE5B003681EF</key>
		<dict>
			<key>buildConfigurationList</key>
			<string>C9607B0F1BD2AE5B003681EF</string>
			<key>buildPhases</key>
			<array>
				<string>C9607AF91BD2AE5B003681EF</string>
				<string>C9607AFA1BD2AE5B003681EF</string>
				<string>C9607AFB1BD2AE5B003681EF</string>
			</array>
			<key>buildRules</key>
			<array/>
			<key>dependencies</key>
			<array>
				<string>C9607B001BD2AE5B003681EF</string>
				<string>C9607B021BD2AE5B003681EF</string>
			</array>
			<key>isa</key>
			<string>PBXNativeTarget</string>
			<key>name</key>
			<string>DomainTests</string>
			<key>productName</key>
			<string>DomainTests</string>
			<key>productReference</key>
			<string>C9607AFD1BD2AE5B003681EF</string>
			<key>productType</key>
			<string>com.apple.product-type.bundle.unit-test</string>
		</dict>
		<key>C9607AFD1BD2AE5B003681EF</key>
		<dict>
			<key>explicitFileType</key>
			<string>wrapper.cfbundle</string>
			<key>includeInIndex</key>
			<string>0</string>
			<key>isa</key>
			<string>PBXFileReference</string>
			<key>path</key>
			<string>DomainTests.xctest</string>
			<key>sourceTree</key>
			<string>BUILT_PRODUCTS_DIR</string>
		</dict>
		<key>C9607AFE1BD2AE5B003681EF</key>
		<dict>
			<key>fileRef</key>
			<string>C9607AF41BD2AE5B003681EF</string>
			<key>isa</key>
			<string>PBXBuildFile</string>
		</dict>
		<key>C9607AFF1BD2AE5B003681EF</key>
		<dict>
			<key>containerPortal</key>
			<string>C9607AB91BD2ADBA003681EF</string>
			<key>isa</key>
			<string>PBXContainerItemProxy</string>
			<key>proxyType</key>
			<string>1</string>
			<key>remoteGlobalIDString</key>
			<string>C9607AF31BD2AE5B003681EF</string>
			<key>remoteInfo</key>
			<string>Domain</string>
		</dict>
		<key>C9607B001BD2AE5B003681EF</key>
		<dict>
			<key>isa</key>
			<string>PBXTargetDependency</string>
			<key>target</key>
			<string>C9607AF31BD2AE5B003681EF</string>
			<key>targetProxy</key>
			<string>C9607AFF1BD2AE5B003681EF</string>
		</dict>
		<key>C9607B011BD2AE5B003681EF</key>
		<dict>
			<key>containerPortal</key>
			<string>C9607AB91BD2ADBA003681EF</string>
			<key>isa</key>
			<string>PBXContainerItemProxy</string>
			<key>proxyType</key>
			<string>1</string>
			<key>remoteGlobalIDString</key>
			<string>C9607AC01BD2ADBA003681EF</string>
			<key>remoteInfo</key>
			<string>CleanWeather</string>
		</dict>
		<key>C9607B021BD2AE5B003681EF</key>
		<dict>
			<key>isa</key>
			<string>PBXTargetDependency</string>
			<key>target</key>
			<string>C9607AC01BD2ADBA003681EF</string>
			<key>targetProxy</key>
			<string>C9607B011BD2AE5B003681EF</string>
		</dict>
		<key>C9607B031BD2AE5B003681EF</key>
		<dict>
			<key>children</key>
			<array>
				<string>C9607B041BD2AE5B003681EF</string>
				<string>C9607B061BD2AE5B003681EF</string>
				<string>C9607B4B1BD2DE99003681EF</string>
				<string>C947D2021BD44E2B007C8CB5</string>
			</array>
			<key>isa</key>
			<string>PBXGroup</string>
			<key>path</key>
			<string>DomainTests</string>
			<key>sourceTree</key>
			<string>&lt;group&gt;</string>
		</dict>
		<key>C9607B041BD2AE5B003681EF</key>
		<dict>
			<key>isa</key>
			<string>PBXFileReference</string>
			<key>lastKnownFileType</key>
			<string>sourcecode.swift</string>
			<key>path</key>
			<string>DomainTests.swift</string>
			<key>sourceTree</key>
			<string>&lt;group&gt;</string>
		</dict>
		<key>C9607B051BD2AE5B003681EF</key>
		<dict>
			<key>fileRef</key>
			<string>C9607B041BD2AE5B003681EF</string>
			<key>isa</key>
			<string>PBXBuildFile</string>
		</dict>
		<key>C9607B061BD2AE5B003681EF</key>
		<dict>
			<key>isa</key>
			<string>PBXFileReference</string>
			<key>lastKnownFileType</key>
			<string>text.plist.xml</string>
			<key>path</key>
			<string>Info.plist</string>
			<key>sourceTree</key>
			<string>&lt;group&gt;</string>
		</dict>
		<key>C9607B071BD2AE5B003681EF</key>
		<dict>
			<key>containerPortal</key>
			<string>C9607AB91BD2ADBA003681EF</string>
			<key>isa</key>
			<string>PBXContainerItemProxy</string>
			<key>proxyType</key>
			<string>1</string>
			<key>remoteGlobalIDString</key>
			<string>C9607AF31BD2AE5B003681EF</string>
			<key>remoteInfo</key>
			<string>Domain</string>
		</dict>
		<key>C9607B081BD2AE5B003681EF</key>
		<dict>
			<key>isa</key>
			<string>PBXTargetDependency</string>
			<key>target</key>
			<string>C9607AF31BD2AE5B003681EF</string>
			<key>targetProxy</key>
			<string>C9607B071BD2AE5B003681EF</string>
		</dict>
		<key>C9607B091BD2AE5B003681EF</key>
		<dict>
			<key>fileRef</key>
			<string>C9607AF41BD2AE5B003681EF</string>
			<key>isa</key>
			<string>PBXBuildFile</string>
		</dict>
		<key>C9607B0A1BD2AE5B003681EF</key>
		<dict>
			<key>fileRef</key>
			<string>C9607AF41BD2AE5B003681EF</string>
			<key>isa</key>
			<string>PBXBuildFile</string>
			<key>settings</key>
			<dict>
				<key>ATTRIBUTES</key>
				<array>
					<string>CodeSignOnCopy</string>
					<string>RemoveHeadersOnCopy</string>
				</array>
			</dict>
		</dict>
		<key>C9607B0B1BD2AE5B003681EF</key>
		<dict>
			<key>buildConfigurations</key>
			<array>
				<string>C9607B0C1BD2AE5B003681EF</string>
				<string>C9607B0D1BD2AE5B003681EF</string>
			</array>
			<key>defaultConfigurationIsVisible</key>
			<string>0</string>
			<key>defaultConfigurationName</key>
			<string>Release</string>
			<key>isa</key>
			<string>XCConfigurationList</string>
		</dict>
		<key>C9607B0C1BD2AE5B003681EF</key>
		<dict>
			<key>buildSettings</key>
			<dict>
				<key>CLANG_ENABLE_MODULES</key>
				<string>YES</string>
				<key>CURRENT_PROJECT_VERSION</key>
				<string>1</string>
				<key>DEFINES_MODULE</key>
				<string>YES</string>
				<key>DYLIB_COMPATIBILITY_VERSION</key>
				<string>1</string>
				<key>DYLIB_CURRENT_VERSION</key>
				<string>1</string>
				<key>DYLIB_INSTALL_NAME_BASE</key>
				<string>@rpath</string>
				<key>FRAMEWORK_SEARCH_PATHS</key>
				<array>
					<string>$(inherited)</string>
					<string>$(PROJECT_DIR)/build/Debug-iphoneos</string>
				</array>
				<key>INFOPLIST_FILE</key>
				<string>Domain/Info.plist</string>
				<key>INSTALL_PATH</key>
				<string>$(LOCAL_LIBRARY_DIR)/Frameworks</string>
				<key>LD_RUNPATH_SEARCH_PATHS</key>
				<string>$(inherited) @executable_path/Frameworks @loader_path/Frameworks</string>
				<key>PRODUCT_BUNDLE_IDENTIFIER</key>
				<string>io.rzeczy.Domain</string>
				<key>PRODUCT_NAME</key>
				<string>$(TARGET_NAME)</string>
				<key>SDKROOT</key>
				<string>iphoneos</string>
				<key>SKIP_INSTALL</key>
				<string>YES</string>
				<key>SUPPORTED_PLATFORMS</key>
				<string>iphonesimulator iphoneos macos</string>
				<key>SWIFT_OPTIMIZATION_LEVEL</key>
				<string>-Onone</string>
				<key>VERSIONING_SYSTEM</key>
				<string>apple-generic</string>
				<key>VERSION_INFO_PREFIX</key>
				<string></string>
			</dict>
			<key>isa</key>
			<string>XCBuildConfiguration</string>
			<key>name</key>
			<string>Debug</string>
		</dict>
		<key>C9607B0D1BD2AE5B003681EF</key>
		<dict>
			<key>buildSettings</key>
			<dict>
				<key>CLANG_ENABLE_MODULES</key>
				<string>YES</string>
				<key>CURRENT_PROJECT_VERSION</key>
				<string>1</string>
				<key>DEFINES_MODULE</key>
				<string>YES</string>
				<key>DYLIB_COMPATIBILITY_VERSION</key>
				<string>1</string>
				<key>DYLIB_CURRENT_VERSION</key>
				<string>1</string>
				<key>DYLIB_INSTALL_NAME_BASE</key>
				<string>@rpath</string>
				<key>FRAMEWORK_SEARCH_PATHS</key>
				<array>
					<string>$(inherited)</string>
					<string>$(PROJECT_DIR)/build/Debug-iphoneos</string>
				</array>
				<key>INFOPLIST_FILE</key>
				<string>Domain/Info.plist</string>
				<key>INSTALL_PATH</key>
				<string>$(LOCAL_LIBRARY_DIR)/Frameworks</string>
				<key>LD_RUNPATH_SEARCH_PATHS</key>
				<string>$(inherited) @executable_path/Frameworks @loader_path/Frameworks</string>
				<key>PRODUCT_BUNDLE_IDENTIFIER</key>
				<string>io.rzeczy.Domain</string>
				<key>PRODUCT_NAME</key>
				<string>$(TARGET_NAME)</string>
				<key>SDKROOT</key>
				<string>iphoneos</string>
				<key>SKIP_INSTALL</key>
				<string>YES</string>
				<key>SUPPORTED_PLATFORMS</key>
				<string>iphonesimulator iphoneos macos</string>
				<key>VERSIONING_SYSTEM</key>
				<string>apple-generic</string>
				<key>VERSION_INFO_PREFIX</key>
				<string></string>
			</dict>
			<key>isa</key>
			<string>XCBuildConfiguration</string>
			<key>name</key>
			<string>Release</string>
		</dict>
		<key>C9607B0E1BD2AE5B003681EF</key>
		<dict>
			<key>buildActionMask</key>
			<string>2147483647</string>
			<key>dstPath</key>
			<string></string>
			<key>dstSubfolderSpec</key>
			<string>10</string>
			<key>files</key>
			<array>
				<string>C9607B0A1BD2AE5B003681EF</string>
				<string>C9384F0A1BD3F71500E1E3EB</string>
			</array>
			<key>isa</key>
			<string>PBXCopyFilesBuildPhase</string>
			<key>name</key>
			<string>Embed Frameworks</string>
			<key>runOnlyForDeploymentPostprocessing</key>
			<string>0</string>
		</dict>
		<key>C9607B0F1BD2AE5B003681EF</key>
		<dict>
			<key>buildConfigurations</key>
			<array>
				<string>C9607B101BD2AE5B003681EF</string>
				<string>C9607B111BD2AE5B003681EF</string>
			</array>
			<key>defaultConfigurationIsVisible</key>
			<string>0</string>
			<key>defaultConfigurationName</key>
			<string>Release</string>
			<key>isa</key>
			<string>XCConfigurationList</string>
		</dict>
		<key>C9607B101BD2AE5B003681EF</key>
		<dict>
			<key>buildSettings</key>
			<dict>
				<key>INFOPLIST_FILE</key>
				<string>DomainTests/Info.plist</string>
				<key>LD_RUNPATH_SEARCH_PATHS</key>
				<string>$(inherited) @executable_path/Frameworks @loader_path/Frameworks</string>
				<key>PRODUCT_BUNDLE_IDENTIFIER</key>
				<string>rzeczy.DomainTests</string>
				<key>PRODUCT_NAME</key>
				<string>$(TARGET_NAME)</string>
			</dict>
			<key>isa</key>
			<string>XCBuildConfiguration</string>
			<key>name</key>
			<string>Debug</string>
		</dict>
		<key>C9607B111BD2AE5B003681EF</key>
		<dict>
			<key>buildSettings</key>
			<dict>
				<key>INFOPLIST_FILE</key>
				<string>DomainTests/Info.plist</string>
				<key>LD_RUNPATH_SEARCH_PATHS</key>
				<string>$(inherited) @executable_path/Frameworks @loader_path/Frameworks</string>
				<key>PRODUCT_BUNDLE_IDENTIFIER</key>
				<string>rzeczy.DomainTests</string>
				<key>PRODUCT_NAME</key>
				<string>$(TARGET_NAME)</string>
			</dict>
			<key>isa</key>
			<string>XCBuildConfiguration</string>
			<key>name</key>
			<string>Release</string>
		</dict>
		<key>C9607B121BD2B13D003681EF</key>
		<dict>
			<key>children</key>
			<array>
				<string>C9A4DE301BD40B09009712E6</string>
				<string>C9607B1B1BD2B2C2003681EF</string>
				<string>C9384F1F1BD3FD3C00E1E3EB</string>
			</array>
			<key>isa</key>
			<string>PBXGroup</string>
			<key>name</key>
			<string>Use Cases</string>
			<key>sourceTree</key>
			<string>&lt;group&gt;</string>
		</dict>
		<key>C9607B131BD2B148003681EF</key>
		<dict>
			<key>children</key>
			<array>
				<string>C95B5DE91BD323D100654458</string>
				<string>C9607B401BD2D4F0003681EF</string>
			</array>
			<key>isa</key>
			<string>PBXGroup</string>
			<key>name</key>
			<string>Infrastructure</string>
			<key>sourceTree</key>
			<string>&lt;group&gt;</string>
		</dict>
		<key>C9607B141BD2B150003681EF</key>
		<dict>
			<key>children</key>
			<array>
				<string>C9607B281BD2B535003681EF</string>
				<string>C9607B151BD2B1E9003681EF</string>
				<string>C9607B181BD2B22C003681EF</string>
				<string>C9607B2A1BD2B5CA003681EF</string>
			</array>
			<key>isa</key>
			<string>PBXGroup</string>
			<key>name</key>
			<string>Models</string>
			<key>sourceTree</key>
			<string>&lt;group&gt;</string>
		</dict>
		<key>C9607B151BD2B1E9003681EF</key>
		<dict>
			<key>fileEncoding</key>
			<string>4</string>
			<key>isa</key>
			<string>PBXFileReference</string>
			<key>lastKnownFileType</key>
			<string>sourcecode.swift</string>
			<key>path</key>
			<string>City.swift</string>
			<key>sourceTree</key>
			<string>&lt;group&gt;</string>
		</dict>
		<key>C9607B161BD2B1E9003681EF</key>
		<dict>
			<key>fileRef</key>
			<string>C9607B151BD2B1E9003681EF</string>
			<key>isa</key>
			<string>PBXBuildFile</string>
		</dict>
		<key>C9607B181BD2B22C003681EF</key>
		<dict>
			<key>fileEncoding</key>
			<string>4</string>
			<key>isa</key>
			<string>PBXFileReference</string>
			<key>lastKnownFileType</key>
			<string>sourcecode.swift</string>
			<key>path</key>
			<string>Forecast.swift</string>
			<key>sourceTree</key>
			<string>&lt;group&gt;</string>
		</dict>
		<key>C9607B191BD2B22C003681EF</key>
		<dict>
			<key>fileRef</key>
			<string>C9607B181BD2B22C003681EF</string>
			<key>isa</key>
			<string>PBXBuildFile</string>
		</dict>
		<key>C9607B1B1BD2B2C2003681EF</key>
		<dict>
			<key>fileEncoding</key>
			<string>4</string>
			<key>isa</key>
			<string>PBXFileReference</string>
			<key>lastKnownFileType</key>
			<string>sourcecode.swift</string>
			<key>path</key>
			<string>GetForecastForLocationInteractor.swift</string>
			<key>sourceTree</key>
			<string>&lt;group&gt;</string>
		</dict>
		<key>C9607B1C1BD2B2C2003681EF</key>
		<dict>
			<key>fileRef</key>
			<string>C9607B1B1BD2B2C2003681EF</string>
			<key>isa</key>
			<string>PBXBuildFile</string>
		</dict>
		<key>C9607B1D1BD2B2C2003681EF</key>
		<dict>
			<key>fileRef</key>
			<string>C9607B1B1BD2B2C2003681EF</string>
			<key>isa</key>
			<string>PBXBuildFile</string>
		</dict>
		<key>C9607B1E1BD2B2E4003681EF</key>
		<dict>
			<key>children</key>
			<array>
				<string>C9607AC81BD2ADBA003681EF</string>
				<string>C9607ACB1BD2ADBA003681EF</string>
				<string>C9607ACD1BD2ADBA003681EF</string>
				<string>C9607AD01BD2ADBA003681EF</string>
			</array>
			<key>isa</key>
			<string>PBXGroup</string>
			<key>name</key>
			<string>Resources</string>
			<key>sourceTree</key>
			<string>&lt;group&gt;</string>
		</dict>
		<key>C9607B1F1BD2B2EA003681EF</key>
		<dict>
			<key>children</key>
			<array>
				<string>C9607B201BD2B322003681EF</string>
			</array>
			<key>isa</key>
			<string>PBXGroup</string>
			<key>name</key>
			<string>ViewControllers</string>
			<key>sourceTree</key>
			<string>&lt;group&gt;</string>
		</dict>
		<key>C9607B201BD2B322003681EF</key>
		<dict>
			<key>fileEncoding</key>
			<string>4</string>
			<key>isa</key>
			<string>PBXFileReference</string>
			<key>lastKnownFileType</key>
			<string>sourcecode.swift</string>
			<key>path</key>
			<string>ForecastViewController.swift</string>
			<key>sourceTree</key>
			<string>&lt;group&gt;</string>
		</dict>
		<key>C9607B211BD2B322003681EF</key>
		<dict>
			<key>fileRef</key>
			<string>C9607B201BD2B322003681EF</string>
			<key>isa</key>
			<string>PBXBuildFile</string>
		</dict>
		<key>C9607B261BD2B459003681EF</key>
		<dict>
			<key>fileEncoding</key>
			<string>4</string>
			<key>isa</key>
			<string>PBXFileReference</string>
			<key>lastKnownFileType</key>
			<string>sourcecode.swift</string>
			<key>name</key>
			<string>ForecastViewProtocol.swift</string>
			<key>path</key>
			<string>../CleanWeather/ForecastViewProtocol.swift</string>
			<key>sourceTree</key>
			<string>&lt;group&gt;</string>
		</dict>
		<key>C9607B281BD2B535003681EF</key>
		<dict>
			<key>fileEncoding</key>
			<string>4</string>
			<key>isa</key>
			<string>PBXFileReference</string>
			<key>lastKnownFileType</key>
			<string>sourcecode.swift</string>
			<key>path</key>
			<string>Location.swift</string>
			<key>sourceTree</key>
			<string>&lt;group&gt;</string>
		</dict>
		<key>C9607B291BD2B535003681EF</key>
		<dict>
			<key>fileRef</key>
			<string>C9607B281BD2B535003681EF</string>
			<key>isa</key>
			<string>PBXBuildFile</string>
		</dict>
		<key>C9607B2A1BD2B5CA003681EF</key>
		<dict>
			<key>fileEncoding</key>
			<string>4</string>
			<key>isa</key>
			<string>PBXFileReference</string>
			<key>lastKnownFileType</key>
			<string>sourcecode.swift</string>
			<key>path</key>
			<string>WeatherState.swift</string>
			<key>sourceTree</key>
			<string>&lt;group&gt;</string>
		</dict>
		<key>C9607B2B1BD2B5CA003681EF</key>
		<dict>
			<key>fileRef</key>
			<string>C9607B2A1BD2B5CA003681EF</string>
			<key>isa</key>
			<string>PBXBuildFile</string>
		</dict>
		<key>C9607B2E1BD2D11A003681EF</key>
		<dict>
			<key>fileRef</key>
			<string>C9607B281BD2B535003681EF</string>
			<key>isa</key>
			<string>PBXBuildFile</string>
		</dict>
		<key>C9607B2F1BD2D11A003681EF</key>
		<dict>
			<key>fileRef</key>
			<string>C9607B151BD2B1E9003681EF</string>
			<key>isa</key>
			<string>PBXBuildFile</string>
		</dict>
		<key>C9607B301BD2D11A003681EF</key>
		<dict>
			<key>fileRef</key>
			<string>C9607B181BD2B22C003681EF</string>
			<key>isa</key>
			<string>PBXBuildFile</string>
		</dict>
		<key>C9607B311BD2D11A003681EF</key>
		<dict>
			<key>fileRef</key>
			<string>C9607B2A1BD2B5CA003681EF</string>
			<key>isa</key>
			<string>PBXBuildFile</string>
		</dict>
		<key>C9607B321BD2D170003681EF</key>
		<dict>
			<key>fileEncoding</key>
			<string>4</string>
			<key>isa</key>
			<string>PBXFileReference</string>
			<key>lastKnownFileType</key>
			<string>sourcecode.swift</string>
			<key>path</key>
			<string>FoundationDeclarations.swift</string>
			<key>sourceTree</key>
			<string>&lt;group&gt;</string>
		</dict>
		<key>C9607B331BD2D170003681EF</key>
		<dict>
			<key>fileRef</key>
			<string>C9607B321BD2D170003681EF</string>
			<key>isa</key>
			<string>PBXBuildFile</string>
		</dict>
		<key>C9607B341BD2D18B003681EF</key>
		<dict>
			<key>fileRef</key>
			<string>C9607B321BD2D170003681EF</string>
			<key>isa</key>
			<string>PBXBuildFile</string>
		</dict>
		<key>C9607B401BD2D4F0003681EF</key>
		<dict>
			<key>children</key>
			<array>
				<string>C9607B411BD2D523003681EF</string>
				<string>C9607B441BD2DE5F003681EF</string>
				<string>C9607B4E1BD2EC6E003681EF</string>
				<string>C95B5DDE1BD3022B00654458</string>
			</array>
			<key>isa</key>
			<string>PBXGroup</string>
			<key>name</key>
			<string>Builders</string>
			<key>sourceTree</key>
			<string>&lt;group&gt;</string>
		</dict>
		<key>C9607B411BD2D523003681EF</key>
		<dict>
			<key>fileEncoding</key>
			<string>4</string>
			<key>isa</key>
			<string>PBXFileReference</string>
			<key>lastKnownFileType</key>
			<string>sourcecode.swift</string>
			<key>path</key>
			<string>ModelBuilder.swift</string>
			<key>sourceTree</key>
			<string>&lt;group&gt;</string>
		</dict>
		<key>C9607B421BD2D523003681EF</key>
		<dict>
			<key>fileRef</key>
			<string>C9607B411BD2D523003681EF</string>
			<key>isa</key>
			<string>PBXBuildFile</string>
		</dict>
		<key>C9607B441BD2DE5F003681EF</key>
		<dict>
			<key>fileEncoding</key>
			<string>4</string>
			<key>isa</key>
			<string>PBXFileReference</string>
			<key>lastKnownFileType</key>
			<string>sourcecode.swift</string>
			<key>path</key>
			<string>CityBuilder.swift</string>
			<key>sourceTree</key>
			<string>&lt;group&gt;</string>
		</dict>
		<key>C9607B451BD2DE5F003681EF</key>
		<dict>
			<key>fileRef</key>
			<string>C9607B441BD2DE5F003681EF</string>
			<key>isa</key>
			<string>PBXBuildFile</string>
		</dict>
		<key>C9607B471BD2DE63003681EF</key>
		<dict>
			<key>fileRef</key>
			<string>C9607B411BD2D523003681EF</string>
			<key>isa</key>
			<string>PBXBuildFile</string>
		</dict>
		<key>C9607B481BD2DE63003681EF</key>
		<dict>
			<key>fileRef</key>
			<string>C9607B441BD2DE5F003681EF</string>
			<key>isa</key>
			<string>PBXBuildFile</string>
		</dict>
		<key>C9607B4B1BD2DE99003681EF</key>
		<dict>
			<key>children</key>
			<array>
				<string>C9607B4C1BD2E059003681EF</string>
				<string>C9607B511BD2ECA6003681EF</string>
				<string>C95B5DE11BD3025700654458</string>
			</array>
			<key>isa</key>
			<string>PBXGroup</string>
			<key>name</key>
			<string>Builders</string>
			<key>sourceTree</key>
			<string>&lt;group&gt;</string>
		</dict>
		<key>C9607B4C1BD2E059003681EF</key>
		<dict>
			<key>fileEncoding</key>
			<string>4</string>
			<key>isa</key>
			<string>PBXFileReference</string>
			<key>lastKnownFileType</key>
			<string>sourcecode.swift</string>
			<key>path</key>
			<string>CityBuilderTestCase.swift</string>
			<key>sourceTree</key>
			<string>&lt;group&gt;</string>
		</dict>
		<key>C9607B4D1BD2E059003681EF</key>
		<dict>
			<key>fileRef</key>
			<string>C9607B4C1BD2E059003681EF</string>
			<key>isa</key>
			<string>PBXBuildFile</string>
		</dict>
		<key>C9607B4E1BD2EC6E003681EF</key>
		<dict>
			<key>fileEncoding</key>
			<string>4</string>
			<key>isa</key>
			<string>PBXFileReference</string>
			<key>lastKnownFileType</key>
			<string>sourcecode.swift</string>
			<key>path</key>
			<string>WeatherStateBuilder.swift</string>
			<key>sourceTree</key>
			<string>&lt;group&gt;</string>
		</dict>
		<key>C9607B4F1BD2EC6E003681EF</key>
		<dict>
			<key>fileRef</key>
			<string>C9607B4E1BD2EC6E003681EF</string>
			<key>isa</key>
			<string>PBXBuildFile</string>
		</dict>
		<key>C9607B501BD2EC6E003681EF</key>
		<dict>
			<key>fileRef</key>
			<string>C9607B4E1BD2EC6E003681EF</string>
			<key>isa</key>
			<string>PBXBuildFile</string>
		</dict>
		<key>C9607B511BD2ECA6003681EF</key>
		<dict>
			<key>fileEncoding</key>
			<string>4</string>
			<key>isa</key>
			<string>PBXFileReference</string>
			<key>lastKnownFileType</key>
			<string>sourcecode.swift</string>
			<key>path</key>
			<string>WeatherStateBuilderTestCase.swift</string>
			<key>sourceTree</key>
			<string>&lt;group&gt;</string>
		</dict>
		<key>C9A4DE2D1BD40959009712E6</key>
		<dict>
			<key>fileEncoding</key>
			<string>4</string>
			<key>isa</key>
			<string>PBXFileReference</string>
			<key>lastKnownFileType</key>
			<string>sourcecode.swift</string>
			<key>path</key>
			<string>LocationServiceProtocol.swift</string>
			<key>sourceTree</key>
			<string>&lt;group&gt;</string>
		</dict>
		<key>C9A4DE2E1BD40959009712E6</key>
		<dict>
			<key>fileRef</key>
			<string>C9A4DE2D1BD40959009712E6</string>
			<key>isa</key>
			<string>PBXBuildFile</string>
		</dict>
		<key>C9A4DE2F1BD40959009712E6</key>
		<dict>
			<key>fileRef</key>
			<string>C9A4DE2D1BD40959009712E6</string>
			<key>isa</key>
			<string>PBXBuildFile</string>
		</dict>
		<key>C9A4DE301BD40B09009712E6</key>
		<dict>
			<key>fileEncoding</key>
			<string>4</string>
			<key>isa</key>
			<string>PBXFileReference</string>
			<key>lastKnownFileType</key>
			<string>sourcecode.swift</string>
			<key>path</key>
			<string>InteractorProtocol.swift</string>
			<key>sourceTree</key>
			<string>&lt;group&gt;</string>
		</dict>
		<key>C9A4DE311BD40B09009712E6</key>
		<dict>
			<key>fileRef</key>
			<string>C9A4DE301BD40B09009712E6</string>
			<key>isa</key>
			<string>PBXBuildFile</string>
		</dict>
		<key>C9A4DE321BD40B09009712E6</key>
		<dict>
			<key>fileRef</key>
			<string>C9A4DE301BD40B09009712E6</string>
			<key>isa</key>
			<string>PBXBuildFile</string>
		</dict>
		<key>C9A4DE331BD40B5E009712E6</key>
		<dict>
			<key>children</key>
			<array>
				<string>C9A4DE371BD40C46009712E6</string>
				<string>C9A4DE341BD40C01009712E6</string>
			</array>
			<key>isa</key>
			<string>PBXGroup</string>
			<key>name</key>
			<string>Invoker</string>
			<key>sourceTree</key>
			<string>&lt;group&gt;</string>
		</dict>
		<key>C9A4DE341BD40C01009712E6</key>
		<dict>
			<key>fileEncoding</key>
			<string>4</string>
			<key>isa</key>
			<string>PBXFileReference</string>
			<key>lastKnownFileType</key>
			<string>sourcecode.swift</string>
			<key>path</key>
			<string>InteractorInvoker.swift</string>
			<key>sourceTree</key>
			<string>&lt;group&gt;</string>
		</dict>
		<key>C9A4DE351BD40C01009712E6</key>
		<dict>
			<key>fileRef</key>
			<string>C9A4DE341BD40C01009712E6</string>
			<key>isa</key>
			<string>PBXBuildFile</string>
		</dict>
		<key>C9A4DE361BD40C01009712E6</key>
		<dict>
			<key>fileRef</key>
			<string>C9A4DE341BD40C01009712E6</string>
			<key>isa</key>
			<string>PBXBuildFile</string>
		</dict>
		<key>C9A4DE371BD40C46009712E6</key>
		<dict>
			<key>fileEncoding</key>
			<string>4</string>
			<key>isa</key>
			<string>PBXFileReference</string>
			<key>lastKnownFileType</key>
			<string>sourcecode.swift</string>
			<key>path</key>
			<string>InteractorInvokerProtocol.swift</string>
			<key>sourceTree</key>
			<string>&lt;group&gt;</string>
		</dict>
		<key>C9A4DE381BD40C46009712E6</key>
		<dict>
			<key>fileRef</key>
			<string>C9A4DE371BD40C46009712E6</string>
			<key>isa</key>
			<string>PBXBuildFile</string>
		</dict>
		<key>C9A4DE391BD40C46009712E6</key>
		<dict>
			<key>fileRef</key>
			<string>C9A4DE371BD40C46009712E6</string>
			<key>isa</key>
			<string>PBXBuildFile</string>
		</dict>
		<key>C9A4DE3A1BD40EFB009712E6</key>
		<dict>
			<key>fileRef</key>
			<string>C9607AF41BD2AE5B003681EF</string>
			<key>isa</key>
			<string>PBXBuildFile</string>
		</dict>
		<key>C9A4DE3B1BD41342009712E6</key>
		<dict>
			<key>fileEncoding</key>
			<string>4</string>
			<key>isa</key>
			<string>PBXFileReference</string>
			<key>lastKnownFileType</key>
			<string>sourcecode.swift</string>
			<key>path</key>
			<string>InteractorInvokerTestCase.swift</string>
			<key>sourceTree</key>
			<string>&lt;group&gt;</string>
		</dict>
		<key>C9A4DE3C1BD41342009712E6</key>
		<dict>
			<key>fileRef</key>
			<string>C9A4DE3B1BD41342009712E6</string>
			<key>isa</key>
			<string>PBXBuildFile</string>
		</dict>
		<key>D2D77D28510705AE2D0E35FE</key>
		<dict>
			<key>fileRef</key>
			<string>BCE01B303DE0F9775798CDDE</string>
			<key>isa</key>
			<string>PBXBuildFile</string>
		</dict>
		<key>D7E94B5804EE3984BF2F609E</key>
		<dict>
			<key>isa</key>
			<string>PBXFileReference</string>
			<key>lastKnownFileType</key>
			<string>wrapper.framework</string>
			<key>name</key>
			<string>CoreText.framework</string>
			<key>path</key>
			<string>System/Library/Frameworks/CoreText.framework</string>
			<key>sourceTree</key>
			<string>SDKROOT</string>
		</dict>
		<key>DB4521B1C5416F07DB309581</key>
		<dict>
			<key>isa</key>
			<string>PBXFileReference</string>
			<key>lastKnownFileType</key>
			<string>wrapper.framework</string>
			<key>name</key>
			<string>QuartzCore.framework</string>
			<key>path</key>
			<string>System/Library/Frameworks/QuartzCore.framework</string>
			<key>sourceTree</key>
			<string>SDKROOT</string>
		</dict>
		<key>DE4B189EC78DA9C4BCF2A842</key>
		<dict>
			<key>isa</key>
			<string>PBXFileReference</string>
			<key>lastKnownFileType</key>
			<string>wrapper.framework</string>
			<key>name</key>
			<string>SystemConfiguration.framework</string>
			<key>path</key>
			<string>System/Library/Frameworks/SystemConfiguration.framework</string>
			<key>sourceTree</key>
			<string>SDKROOT</string>
		</dict>
		<key>E0FFDFDA5E3FC9762CB698B3</key>
		<dict>
			<key>children</key>
			<array>
				<string>E865F5461C505865009B32BF</string>
				<string>C947D1DB1BD436E7007C8CB5</string>
				<string>C947D1D91BD436DD007C8CB5</string>
				<string>C9384EE91BD326B100E1E3EB</string>
				<string>C95B5DE51BD31E7700654458</string>
				<string>C95B5DE31BD31E5A00654458</string>
				<string>66051C9D08C1F0C89881E7F5</string>
				<string>8BC0B482F48B310F2A130897</string>
				<string>BCE01B303DE0F9775798CDDE</string>
				<string>D7E94B5804EE3984BF2F609E</string>
				<string>F8BFD422709AD8AD0DB3C7E1</string>
				<string>DE4B189EC78DA9C4BCF2A842</string>
				<string>DB4521B1C5416F07DB309581</string>
				<string>51E357C8F3E996E0DAC352A6</string>
				<string>7283AB9F857EF3F6878FAF00</string>
				<string>583A942B3B695CBC1B3412C7</string>
			</array>
			<key>isa</key>
			<string>PBXGroup</string>
			<key>name</key>
			<string>Frameworks</string>
			<key>sourceTree</key>
			<string>&lt;group&gt;</string>
		</dict>
		<key>E865F5461C505865009B32BF</key>
		<dict>
			<key>isa</key>
			<string>PBXFileReference</string>
			<key>lastKnownFileType</key>
			<string>wrapper.framework</string>
			<key>name</key>
			<string>Pods.framework</string>
			<key>path</key>
			<string>Pods/../build/Debug-iphoneos/Pods.framework</string>
			<key>sourceTree</key>
			<string>&lt;group&gt;</string>
		</dict>
		<key>E865F5471C505865009B32BF</key>
		<dict>
			<key>fileRef</key>
			<string>E865F5461C505865009B32BF</string>
			<key>isa</key>
			<string>PBXBuildFile</string>
		</dict>
		<key>F8BFD422709AD8AD0DB3C7E1</key>
		<dict>
			<key>isa</key>
			<string>PBXFileReference</string>
			<key>lastKnownFileType</key>
			<string>wrapper.framework</string>
			<key>name</key>
			<string>CoreTelephony.framework</string>
			<key>path</key>
			<string>System/Library/Frameworks/CoreTelephony.framework</string>
			<key>sourceTree</key>
			<string>SDKROOT</string>
		</dict>
	</dict>
	<key>rootObject</key>
	<string>C9607AB91BD2ADBA003681EF</string>
</dict>
</plist>
