// !$*UTF8*$!
{
	archiveVersion = 1;
	classes = {
	};
	objectVersion = 46;
	objects = {

/* Begin PBXBuildFile section */
		A45EC1E950B72688341CA4D1 /* Pods.framework in Frameworks */ = {isa = PBXBuildFile; fileRef = 66051C9D08C1F0C89881E7F5 /* Pods.framework */; };
		C9384EEA1BD326B100E1E3EB /* Just.framework in Frameworks */ = {isa = PBXBuildFile; fileRef = C9384EE91BD326B100E1E3EB /* Just.framework */; };
		C9384EEB1BD3285E00E1E3EB /* NetworkingService.swift in Sources */ = {isa = PBXBuildFile; fileRef = C95B5DEA1BD323F500654458 /* NetworkingService.swift */; settings = {ASSET_TAGS = (); }; };
		C9384EEE1BD32CDC00E1E3EB /* InteractorsFactory.swift in Sources */ = {isa = PBXBuildFile; fileRef = C9384EED1BD32CDC00E1E3EB /* InteractorsFactory.swift */; settings = {ASSET_TAGS = (); }; };
		C9384EF71BD3F71500E1E3EB /* Presenters.h in Headers */ = {isa = PBXBuildFile; fileRef = C9384EF61BD3F71500E1E3EB /* Presenters.h */; settings = {ATTRIBUTES = (Public, ); }; };
		C9384EFE1BD3F71500E1E3EB /* Presenters.framework in Frameworks */ = {isa = PBXBuildFile; fileRef = C9384EF41BD3F71500E1E3EB /* Presenters.framework */; settings = {ASSET_TAGS = (); }; };
		C9384F091BD3F71500E1E3EB /* Presenters.framework in Frameworks */ = {isa = PBXBuildFile; fileRef = C9384EF41BD3F71500E1E3EB /* Presenters.framework */; };
		C9384F0A1BD3F71500E1E3EB /* Presenters.framework in Embed Frameworks */ = {isa = PBXBuildFile; fileRef = C9384EF41BD3F71500E1E3EB /* Presenters.framework */; settings = {ATTRIBUTES = (CodeSignOnCopy, RemoveHeadersOnCopy, ); }; };
		C9384F121BD3F75200E1E3EB /* ForecastPresenter.swift in Sources */ = {isa = PBXBuildFile; fileRef = C9607B221BD2B371003681EF /* ForecastPresenter.swift */; settings = {ASSET_TAGS = (); }; };
		C9384F131BD3F75300E1E3EB /* ForecastPresenter.swift in Sources */ = {isa = PBXBuildFile; fileRef = C9607B221BD2B371003681EF /* ForecastPresenter.swift */; settings = {ASSET_TAGS = (); }; };
		C9384F141BD3F7E600E1E3EB /* ForecastPresenterProtocol.swift in Sources */ = {isa = PBXBuildFile; fileRef = C9607B241BD2B386003681EF /* ForecastPresenterProtocol.swift */; settings = {ASSET_TAGS = (); }; };
		C9384F151BD3F7E600E1E3EB /* ForecastViewProtocol.swift in Sources */ = {isa = PBXBuildFile; fileRef = C9607B261BD2B459003681EF /* ForecastViewProtocol.swift */; settings = {ASSET_TAGS = (); }; };
		C9384F161BD3F7E700E1E3EB /* ForecastPresenterProtocol.swift in Sources */ = {isa = PBXBuildFile; fileRef = C9607B241BD2B386003681EF /* ForecastPresenterProtocol.swift */; settings = {ASSET_TAGS = (); }; };
		C9384F171BD3F7E700E1E3EB /* ForecastViewProtocol.swift in Sources */ = {isa = PBXBuildFile; fileRef = C9607B261BD2B459003681EF /* ForecastViewProtocol.swift */; settings = {ASSET_TAGS = (); }; };
		C9384F191BD3F8B900E1E3EB /* PresenterFactory.swift in Sources */ = {isa = PBXBuildFile; fileRef = C9384F181BD3F8B900E1E3EB /* PresenterFactory.swift */; settings = {ASSET_TAGS = (); }; };
		C9384F1A1BD3F8B900E1E3EB /* PresenterFactory.swift in Sources */ = {isa = PBXBuildFile; fileRef = C9384F181BD3F8B900E1E3EB /* PresenterFactory.swift */; settings = {ASSET_TAGS = (); }; };
		C9384F1B1BD3FA9500E1E3EB /* ForecastNetworkingProtocol.swift in Sources */ = {isa = PBXBuildFile; fileRef = C95B5DEC1BD3242100654458 /* ForecastNetworkingProtocol.swift */; settings = {ASSET_TAGS = (); }; };
		C9384F1D1BD3FB7B00E1E3EB /* LocationService.swift in Sources */ = {isa = PBXBuildFile; fileRef = C9384F1C1BD3FB7B00E1E3EB /* LocationService.swift */; settings = {ASSET_TAGS = (); }; };
		C9384F1E1BD3FB7B00E1E3EB /* LocationService.swift in Sources */ = {isa = PBXBuildFile; fileRef = C9384F1C1BD3FB7B00E1E3EB /* LocationService.swift */; settings = {ASSET_TAGS = (); }; };
		C9384F201BD3FD3C00E1E3EB /* GetCurrentLocationInteractor.swift in Sources */ = {isa = PBXBuildFile; fileRef = C9384F1F1BD3FD3C00E1E3EB /* GetCurrentLocationInteractor.swift */; settings = {ASSET_TAGS = (); }; };
		C9384F211BD3FD3C00E1E3EB /* GetCurrentLocationInteractor.swift in Sources */ = {isa = PBXBuildFile; fileRef = C9384F1F1BD3FD3C00E1E3EB /* GetCurrentLocationInteractor.swift */; settings = {ASSET_TAGS = (); }; };
		C95B5DDF1BD3022B00654458 /* ForecastBuilder.swift in Sources */ = {isa = PBXBuildFile; fileRef = C95B5DDE1BD3022B00654458 /* ForecastBuilder.swift */; settings = {ASSET_TAGS = (); }; };
		C95B5DE01BD3022B00654458 /* ForecastBuilder.swift in Sources */ = {isa = PBXBuildFile; fileRef = C95B5DDE1BD3022B00654458 /* ForecastBuilder.swift */; settings = {ASSET_TAGS = (); }; };
		C95B5DE41BD31E5A00654458 /* SwiftyJSON.framework in Frameworks */ = {isa = PBXBuildFile; fileRef = C95B5DE31BD31E5A00654458 /* SwiftyJSON.framework */; };
		C95B5DE61BD31E7700654458 /* SwiftyJSON.framework in Frameworks */ = {isa = PBXBuildFile; fileRef = C95B5DE51BD31E7700654458 /* SwiftyJSON.framework */; };
		C95B5DE71BD3224E00654458 /* WeatherStateBuilderTestCase.swift in Sources */ = {isa = PBXBuildFile; fileRef = C9607B511BD2ECA6003681EF /* WeatherStateBuilderTestCase.swift */; settings = {ASSET_TAGS = (); }; };
		C95B5DE81BD3229500654458 /* ForecastBuilderTestCase.swift in Sources */ = {isa = PBXBuildFile; fileRef = C95B5DE11BD3025700654458 /* ForecastBuilderTestCase.swift */; settings = {ASSET_TAGS = (); }; };
		C95B5DEB1BD323F500654458 /* NetworkingService.swift in Sources */ = {isa = PBXBuildFile; fileRef = C95B5DEA1BD323F500654458 /* NetworkingService.swift */; settings = {ASSET_TAGS = (); }; };
		C95B5DED1BD3242100654458 /* ForecastNetworkingProtocol.swift in Sources */ = {isa = PBXBuildFile; fileRef = C95B5DEC1BD3242100654458 /* ForecastNetworkingProtocol.swift */; settings = {ASSET_TAGS = (); }; };
		C9607AC51BD2ADBA003681EF /* AppDelegate.swift in Sources */ = {isa = PBXBuildFile; fileRef = C9607AC41BD2ADBA003681EF /* AppDelegate.swift */; };
		C9607ACA1BD2ADBA003681EF /* Main.storyboard in Resources */ = {isa = PBXBuildFile; fileRef = C9607AC81BD2ADBA003681EF /* Main.storyboard */; };
		C9607ACC1BD2ADBA003681EF /* Assets.xcassets in Resources */ = {isa = PBXBuildFile; fileRef = C9607ACB1BD2ADBA003681EF /* Assets.xcassets */; };
		C9607ACF1BD2ADBA003681EF /* LaunchScreen.storyboard in Resources */ = {isa = PBXBuildFile; fileRef = C9607ACD1BD2ADBA003681EF /* LaunchScreen.storyboard */; };
		C9607AF71BD2AE5B003681EF /* Domain.h in Headers */ = {isa = PBXBuildFile; fileRef = C9607AF61BD2AE5B003681EF /* Domain.h */; settings = {ATTRIBUTES = (Public, ); }; };
		C9607AFE1BD2AE5B003681EF /* Domain.framework in Frameworks */ = {isa = PBXBuildFile; fileRef = C9607AF41BD2AE5B003681EF /* Domain.framework */; settings = {ASSET_TAGS = (); }; };
		C9607B051BD2AE5B003681EF /* DomainTests.swift in Sources */ = {isa = PBXBuildFile; fileRef = C9607B041BD2AE5B003681EF /* DomainTests.swift */; };
		C9607B091BD2AE5B003681EF /* Domain.framework in Frameworks */ = {isa = PBXBuildFile; fileRef = C9607AF41BD2AE5B003681EF /* Domain.framework */; };
		C9607B0A1BD2AE5B003681EF /* Domain.framework in Embed Frameworks */ = {isa = PBXBuildFile; fileRef = C9607AF41BD2AE5B003681EF /* Domain.framework */; settings = {ATTRIBUTES = (CodeSignOnCopy, RemoveHeadersOnCopy, ); }; };
		C9607B161BD2B1E9003681EF /* City.swift in Sources */ = {isa = PBXBuildFile; fileRef = C9607B151BD2B1E9003681EF /* City.swift */; settings = {ASSET_TAGS = (); }; };
		C9607B191BD2B22C003681EF /* Forecast.swift in Sources */ = {isa = PBXBuildFile; fileRef = C9607B181BD2B22C003681EF /* Forecast.swift */; settings = {ASSET_TAGS = (); }; };
		C9607B1C1BD2B2C2003681EF /* GetForecastForLocationInteractor.swift in Sources */ = {isa = PBXBuildFile; fileRef = C9607B1B1BD2B2C2003681EF /* GetForecastForLocationInteractor.swift */; settings = {ASSET_TAGS = (); }; };
		C9607B1D1BD2B2C2003681EF /* GetForecastForLocationInteractor.swift in Sources */ = {isa = PBXBuildFile; fileRef = C9607B1B1BD2B2C2003681EF /* GetForecastForLocationInteractor.swift */; settings = {ASSET_TAGS = (); }; };
		C9607B211BD2B322003681EF /* ForecastViewController.swift in Sources */ = {isa = PBXBuildFile; fileRef = C9607B201BD2B322003681EF /* ForecastViewController.swift */; settings = {ASSET_TAGS = (); }; };
		C9607B291BD2B535003681EF /* Location.swift in Sources */ = {isa = PBXBuildFile; fileRef = C9607B281BD2B535003681EF /* Location.swift */; settings = {ASSET_TAGS = (); }; };
		C9607B2B1BD2B5CA003681EF /* WeatherState.swift in Sources */ = {isa = PBXBuildFile; fileRef = C9607B2A1BD2B5CA003681EF /* WeatherState.swift */; settings = {ASSET_TAGS = (); }; };
		C9607B2E1BD2D11A003681EF /* Location.swift in Sources */ = {isa = PBXBuildFile; fileRef = C9607B281BD2B535003681EF /* Location.swift */; settings = {ASSET_TAGS = (); }; };
		C9607B2F1BD2D11A003681EF /* City.swift in Sources */ = {isa = PBXBuildFile; fileRef = C9607B151BD2B1E9003681EF /* City.swift */; settings = {ASSET_TAGS = (); }; };
		C9607B301BD2D11A003681EF /* Forecast.swift in Sources */ = {isa = PBXBuildFile; fileRef = C9607B181BD2B22C003681EF /* Forecast.swift */; settings = {ASSET_TAGS = (); }; };
		C9607B311BD2D11A003681EF /* WeatherState.swift in Sources */ = {isa = PBXBuildFile; fileRef = C9607B2A1BD2B5CA003681EF /* WeatherState.swift */; settings = {ASSET_TAGS = (); }; };
		C9607B331BD2D170003681EF /* FoundationDeclarations.swift in Sources */ = {isa = PBXBuildFile; fileRef = C9607B321BD2D170003681EF /* FoundationDeclarations.swift */; settings = {ASSET_TAGS = (); }; };
		C9607B341BD2D18B003681EF /* FoundationDeclarations.swift in Sources */ = {isa = PBXBuildFile; fileRef = C9607B321BD2D170003681EF /* FoundationDeclarations.swift */; settings = {ASSET_TAGS = (); }; };
		C9607B421BD2D523003681EF /* ModelBuilder.swift in Sources */ = {isa = PBXBuildFile; fileRef = C9607B411BD2D523003681EF /* ModelBuilder.swift */; settings = {ASSET_TAGS = (); }; };
		C9607B451BD2DE5F003681EF /* CityBuilder.swift in Sources */ = {isa = PBXBuildFile; fileRef = C9607B441BD2DE5F003681EF /* CityBuilder.swift */; settings = {ASSET_TAGS = (); }; };
		C9607B471BD2DE63003681EF /* ModelBuilder.swift in Sources */ = {isa = PBXBuildFile; fileRef = C9607B411BD2D523003681EF /* ModelBuilder.swift */; settings = {ASSET_TAGS = (); }; };
		C9607B481BD2DE63003681EF /* CityBuilder.swift in Sources */ = {isa = PBXBuildFile; fileRef = C9607B441BD2DE5F003681EF /* CityBuilder.swift */; settings = {ASSET_TAGS = (); }; };
		C9607B4D1BD2E059003681EF /* CityBuilderTestCase.swift in Sources */ = {isa = PBXBuildFile; fileRef = C9607B4C1BD2E059003681EF /* CityBuilderTestCase.swift */; settings = {ASSET_TAGS = (); }; };
		C9607B4F1BD2EC6E003681EF /* WeatherStateBuilder.swift in Sources */ = {isa = PBXBuildFile; fileRef = C9607B4E1BD2EC6E003681EF /* WeatherStateBuilder.swift */; settings = {ASSET_TAGS = (); }; };
		C9607B501BD2EC6E003681EF /* WeatherStateBuilder.swift in Sources */ = {isa = PBXBuildFile; fileRef = C9607B4E1BD2EC6E003681EF /* WeatherStateBuilder.swift */; settings = {ASSET_TAGS = (); }; };
		C9A4DE2E1BD40959009712E6 /* LocationServiceProtocol.swift in Sources */ = {isa = PBXBuildFile; fileRef = C9A4DE2D1BD40959009712E6 /* LocationServiceProtocol.swift */; settings = {ASSET_TAGS = (); }; };
		C9A4DE2F1BD40959009712E6 /* LocationServiceProtocol.swift in Sources */ = {isa = PBXBuildFile; fileRef = C9A4DE2D1BD40959009712E6 /* LocationServiceProtocol.swift */; settings = {ASSET_TAGS = (); }; };
/* End PBXBuildFile section */

/* Begin PBXContainerItemProxy section */
		C9384EFF1BD3F71500E1E3EB /* PBXContainerItemProxy */ = {
			isa = PBXContainerItemProxy;
			containerPortal = C9607AB91BD2ADBA003681EF /* Project object */;
			proxyType = 1;
			remoteGlobalIDString = C9384EF31BD3F71500E1E3EB;
			remoteInfo = Presenters;
		};
		C9384F011BD3F71500E1E3EB /* PBXContainerItemProxy */ = {
			isa = PBXContainerItemProxy;
			containerPortal = C9607AB91BD2ADBA003681EF /* Project object */;
			proxyType = 1;
			remoteGlobalIDString = C9607AC01BD2ADBA003681EF;
			remoteInfo = CleanWeather;
		};
		C9384F071BD3F71500E1E3EB /* PBXContainerItemProxy */ = {
			isa = PBXContainerItemProxy;
			containerPortal = C9607AB91BD2ADBA003681EF /* Project object */;
			proxyType = 1;
			remoteGlobalIDString = C9384EF31BD3F71500E1E3EB;
			remoteInfo = Presenters;
		};
		C9607AD61BD2ADBA003681EF /* PBXContainerItemProxy */ = {
			isa = PBXContainerItemProxy;
			containerPortal = C9607AB91BD2ADBA003681EF /* Project object */;
			proxyType = 1;
			remoteGlobalIDString = C9607AC01BD2ADBA003681EF;
			remoteInfo = CleanWeather;
		};
		C9607AFF1BD2AE5B003681EF /* PBXContainerItemProxy */ = {
			isa = PBXContainerItemProxy;
			containerPortal = C9607AB91BD2ADBA003681EF /* Project object */;
			proxyType = 1;
			remoteGlobalIDString = C9607AF31BD2AE5B003681EF;
			remoteInfo = Domain;
		};
		C9607B011BD2AE5B003681EF /* PBXContainerItemProxy */ = {
			isa = PBXContainerItemProxy;
			containerPortal = C9607AB91BD2ADBA003681EF /* Project object */;
			proxyType = 1;
			remoteGlobalIDString = C9607AC01BD2ADBA003681EF;
			remoteInfo = CleanWeather;
		};
		C9607B071BD2AE5B003681EF /* PBXContainerItemProxy */ = {
			isa = PBXContainerItemProxy;
			containerPortal = C9607AB91BD2ADBA003681EF /* Project object */;
			proxyType = 1;
			remoteGlobalIDString = C9607AF31BD2AE5B003681EF;
			remoteInfo = Domain;
		};
/* End PBXContainerItemProxy section */

/* Begin PBXCopyFilesBuildPhase section */
		C9607B0E1BD2AE5B003681EF /* Embed Frameworks */ = {
			isa = PBXCopyFilesBuildPhase;
			buildActionMask = 2147483647;
			dstPath = "";
			dstSubfolderSpec = 10;
			files = (
				C9607B0A1BD2AE5B003681EF /* Domain.framework in Embed Frameworks */,
				C9384F0A1BD3F71500E1E3EB /* Presenters.framework in Embed Frameworks */,
			);
			name = "Embed Frameworks";
			runOnlyForDeploymentPostprocessing = 0;
		};
/* End PBXCopyFilesBuildPhase section */

/* Begin PBXFileReference section */
		199B16271688640BABE847AD /* Pods.release.xcconfig */ = {isa = PBXFileReference; includeInIndex = 1; lastKnownFileType = text.xcconfig; name = Pods.release.xcconfig; path = "Pods/Target Support Files/Pods/Pods.release.xcconfig"; sourceTree = "<group>"; };
		382D1C4D525C6CFA02DCCC82 /* Pods.debug.xcconfig */ = {isa = PBXFileReference; includeInIndex = 1; lastKnownFileType = text.xcconfig; name = Pods.debug.xcconfig; path = "Pods/Target Support Files/Pods/Pods.debug.xcconfig"; sourceTree = "<group>"; };
		66051C9D08C1F0C89881E7F5 /* Pods.framework */ = {isa = PBXFileReference; explicitFileType = wrapper.framework; includeInIndex = 0; path = Pods.framework; sourceTree = BUILT_PRODUCTS_DIR; };
		C9384EE91BD326B100E1E3EB /* Just.framework */ = {isa = PBXFileReference; lastKnownFileType = wrapper.framework; name = Just.framework; path = "Pods/../build/Debug-iphoneos/Just.framework"; sourceTree = "<group>"; };
		C9384EED1BD32CDC00E1E3EB /* InteractorsFactory.swift */ = {isa = PBXFileReference; fileEncoding = 4; lastKnownFileType = sourcecode.swift; path = InteractorsFactory.swift; sourceTree = "<group>"; };
		C9384EF41BD3F71500E1E3EB /* Presenters.framework */ = {isa = PBXFileReference; explicitFileType = wrapper.framework; includeInIndex = 0; path = Presenters.framework; sourceTree = BUILT_PRODUCTS_DIR; };
		C9384EF61BD3F71500E1E3EB /* Presenters.h */ = {isa = PBXFileReference; lastKnownFileType = sourcecode.c.h; path = Presenters.h; sourceTree = "<group>"; };
		C9384EF81BD3F71500E1E3EB /* Info.plist */ = {isa = PBXFileReference; lastKnownFileType = text.plist.xml; path = Info.plist; sourceTree = "<group>"; };
		C9384EFD1BD3F71500E1E3EB /* PresentersTests.xctest */ = {isa = PBXFileReference; explicitFileType = wrapper.cfbundle; includeInIndex = 0; path = PresentersTests.xctest; sourceTree = BUILT_PRODUCTS_DIR; };
		C9384F061BD3F71500E1E3EB /* Info.plist */ = {isa = PBXFileReference; lastKnownFileType = text.plist.xml; path = Info.plist; sourceTree = "<group>"; };
		C9384F181BD3F8B900E1E3EB /* PresenterFactory.swift */ = {isa = PBXFileReference; fileEncoding = 4; lastKnownFileType = sourcecode.swift; path = PresenterFactory.swift; sourceTree = "<group>"; };
		C9384F1C1BD3FB7B00E1E3EB /* LocationService.swift */ = {isa = PBXFileReference; fileEncoding = 4; lastKnownFileType = sourcecode.swift; path = LocationService.swift; sourceTree = "<group>"; };
		C9384F1F1BD3FD3C00E1E3EB /* GetCurrentLocationInteractor.swift */ = {isa = PBXFileReference; fileEncoding = 4; lastKnownFileType = sourcecode.swift; path = GetCurrentLocationInteractor.swift; sourceTree = "<group>"; };
		C95B5DDE1BD3022B00654458 /* ForecastBuilder.swift */ = {isa = PBXFileReference; fileEncoding = 4; lastKnownFileType = sourcecode.swift; path = ForecastBuilder.swift; sourceTree = "<group>"; };
		C95B5DE11BD3025700654458 /* ForecastBuilderTestCase.swift */ = {isa = PBXFileReference; fileEncoding = 4; lastKnownFileType = sourcecode.swift; path = ForecastBuilderTestCase.swift; sourceTree = "<group>"; };
		C95B5DE31BD31E5A00654458 /* SwiftyJSON.framework */ = {isa = PBXFileReference; lastKnownFileType = wrapper.framework; name = SwiftyJSON.framework; path = "Pods/../build/Debug-iphoneos/SwiftyJSON.framework"; sourceTree = "<group>"; };
		C95B5DE51BD31E7700654458 /* SwiftyJSON.framework */ = {isa = PBXFileReference; lastKnownFileType = wrapper.framework; name = SwiftyJSON.framework; path = "Pods/../build/Debug-iphoneos/SwiftyJSON.framework"; sourceTree = "<group>"; };
		C95B5DEA1BD323F500654458 /* NetworkingService.swift */ = {isa = PBXFileReference; fileEncoding = 4; lastKnownFileType = sourcecode.swift; path = NetworkingService.swift; sourceTree = "<group>"; };
		C95B5DEC1BD3242100654458 /* ForecastNetworkingProtocol.swift */ = {isa = PBXFileReference; fileEncoding = 4; lastKnownFileType = sourcecode.swift; path = ForecastNetworkingProtocol.swift; sourceTree = "<group>"; };
		C9607AC11BD2ADBA003681EF /* CleanWeather.app */ = {isa = PBXFileReference; explicitFileType = wrapper.application; includeInIndex = 0; path = CleanWeather.app; sourceTree = BUILT_PRODUCTS_DIR; };
		C9607AC41BD2ADBA003681EF /* AppDelegate.swift */ = {isa = PBXFileReference; lastKnownFileType = sourcecode.swift; path = AppDelegate.swift; sourceTree = "<group>"; };
		C9607AC91BD2ADBA003681EF /* Base */ = {isa = PBXFileReference; lastKnownFileType = file.storyboard; name = Base; path = Base.lproj/Main.storyboard; sourceTree = "<group>"; };
		C9607ACB1BD2ADBA003681EF /* Assets.xcassets */ = {isa = PBXFileReference; lastKnownFileType = folder.assetcatalog; path = Assets.xcassets; sourceTree = "<group>"; };
		C9607ACE1BD2ADBA003681EF /* Base */ = {isa = PBXFileReference; lastKnownFileType = file.storyboard; name = Base; path = Base.lproj/LaunchScreen.storyboard; sourceTree = "<group>"; };
		C9607AD01BD2ADBA003681EF /* Info.plist */ = {isa = PBXFileReference; lastKnownFileType = text.plist.xml; path = Info.plist; sourceTree = "<group>"; };
		C9607AD51BD2ADBA003681EF /* CleanWeatherTests.xctest */ = {isa = PBXFileReference; explicitFileType = wrapper.cfbundle; includeInIndex = 0; path = CleanWeatherTests.xctest; sourceTree = BUILT_PRODUCTS_DIR; };
		C9607ADB1BD2ADBA003681EF /* Info.plist */ = {isa = PBXFileReference; lastKnownFileType = text.plist.xml; path = Info.plist; sourceTree = "<group>"; };
		C9607AF41BD2AE5B003681EF /* Domain.framework */ = {isa = PBXFileReference; explicitFileType = wrapper.framework; includeInIndex = 0; path = Domain.framework; sourceTree = BUILT_PRODUCTS_DIR; };
		C9607AF61BD2AE5B003681EF /* Domain.h */ = {isa = PBXFileReference; lastKnownFileType = sourcecode.c.h; path = Domain.h; sourceTree = "<group>"; };
		C9607AF81BD2AE5B003681EF /* Info.plist */ = {isa = PBXFileReference; lastKnownFileType = text.plist.xml; path = Info.plist; sourceTree = "<group>"; };
		C9607AFD1BD2AE5B003681EF /* DomainTests.xctest */ = {isa = PBXFileReference; explicitFileType = wrapper.cfbundle; includeInIndex = 0; path = DomainTests.xctest; sourceTree = BUILT_PRODUCTS_DIR; };
		C9607B041BD2AE5B003681EF /* DomainTests.swift */ = {isa = PBXFileReference; lastKnownFileType = sourcecode.swift; path = DomainTests.swift; sourceTree = "<group>"; };
		C9607B061BD2AE5B003681EF /* Info.plist */ = {isa = PBXFileReference; lastKnownFileType = text.plist.xml; path = Info.plist; sourceTree = "<group>"; };
		C9607B151BD2B1E9003681EF /* City.swift */ = {isa = PBXFileReference; fileEncoding = 4; lastKnownFileType = sourcecode.swift; path = City.swift; sourceTree = "<group>"; };
		C9607B181BD2B22C003681EF /* Forecast.swift */ = {isa = PBXFileReference; fileEncoding = 4; lastKnownFileType = sourcecode.swift; path = Forecast.swift; sourceTree = "<group>"; };
		C9607B1B1BD2B2C2003681EF /* GetForecastForLocationInteractor.swift */ = {isa = PBXFileReference; fileEncoding = 4; lastKnownFileType = sourcecode.swift; path = GetForecastForLocationInteractor.swift; sourceTree = "<group>"; };
		C9607B201BD2B322003681EF /* ForecastViewController.swift */ = {isa = PBXFileReference; fileEncoding = 4; lastKnownFileType = sourcecode.swift; path = ForecastViewController.swift; sourceTree = "<group>"; };
		C9607B221BD2B371003681EF /* ForecastPresenter.swift */ = {isa = PBXFileReference; fileEncoding = 4; lastKnownFileType = sourcecode.swift; name = ForecastPresenter.swift; path = ../CleanWeather/ForecastPresenter.swift; sourceTree = "<group>"; };
		C9607B241BD2B386003681EF /* ForecastPresenterProtocol.swift */ = {isa = PBXFileReference; fileEncoding = 4; lastKnownFileType = sourcecode.swift; name = ForecastPresenterProtocol.swift; path = ../CleanWeather/ForecastPresenterProtocol.swift; sourceTree = "<group>"; };
		C9607B261BD2B459003681EF /* ForecastViewProtocol.swift */ = {isa = PBXFileReference; fileEncoding = 4; lastKnownFileType = sourcecode.swift; name = ForecastViewProtocol.swift; path = ../CleanWeather/ForecastViewProtocol.swift; sourceTree = "<group>"; };
		C9607B281BD2B535003681EF /* Location.swift */ = {isa = PBXFileReference; fileEncoding = 4; lastKnownFileType = sourcecode.swift; path = Location.swift; sourceTree = "<group>"; };
		C9607B2A1BD2B5CA003681EF /* WeatherState.swift */ = {isa = PBXFileReference; fileEncoding = 4; lastKnownFileType = sourcecode.swift; path = WeatherState.swift; sourceTree = "<group>"; };
		C9607B321BD2D170003681EF /* FoundationDeclarations.swift */ = {isa = PBXFileReference; fileEncoding = 4; lastKnownFileType = sourcecode.swift; path = FoundationDeclarations.swift; sourceTree = "<group>"; };
		C9607B411BD2D523003681EF /* ModelBuilder.swift */ = {isa = PBXFileReference; fileEncoding = 4; lastKnownFileType = sourcecode.swift; path = ModelBuilder.swift; sourceTree = "<group>"; };
		C9607B441BD2DE5F003681EF /* CityBuilder.swift */ = {isa = PBXFileReference; fileEncoding = 4; lastKnownFileType = sourcecode.swift; path = CityBuilder.swift; sourceTree = "<group>"; };
		C9607B4C1BD2E059003681EF /* CityBuilderTestCase.swift */ = {isa = PBXFileReference; fileEncoding = 4; lastKnownFileType = sourcecode.swift; path = CityBuilderTestCase.swift; sourceTree = "<group>"; };
		C9607B4E1BD2EC6E003681EF /* WeatherStateBuilder.swift */ = {isa = PBXFileReference; fileEncoding = 4; lastKnownFileType = sourcecode.swift; path = WeatherStateBuilder.swift; sourceTree = "<group>"; };
		C9607B511BD2ECA6003681EF /* WeatherStateBuilderTestCase.swift */ = {isa = PBXFileReference; fileEncoding = 4; lastKnownFileType = sourcecode.swift; path = WeatherStateBuilderTestCase.swift; sourceTree = "<group>"; };
		C9A4DE2D1BD40959009712E6 /* LocationServiceProtocol.swift */ = {isa = PBXFileReference; fileEncoding = 4; lastKnownFileType = sourcecode.swift; path = LocationServiceProtocol.swift; sourceTree = "<group>"; };
/* End PBXFileReference section */

/* Begin PBXFrameworksBuildPhase section */
		C9384EF01BD3F71500E1E3EB /* Frameworks */ = {
			isa = PBXFrameworksBuildPhase;
			buildActionMask = 2147483647;
			files = (
			);
			runOnlyForDeploymentPostprocessing = 0;
		};
		C9384EFA1BD3F71500E1E3EB /* Frameworks */ = {
			isa = PBXFrameworksBuildPhase;
			buildActionMask = 2147483647;
			files = (
				C9384EFE1BD3F71500E1E3EB /* Presenters.framework in Frameworks */,
			);
			runOnlyForDeploymentPostprocessing = 0;
		};
		C9607ABE1BD2ADBA003681EF /* Frameworks */ = {
			isa = PBXFrameworksBuildPhase;
			buildActionMask = 2147483647;
			files = (
				C95B5DE41BD31E5A00654458 /* SwiftyJSON.framework in Frameworks */,
				C9607B091BD2AE5B003681EF /* Domain.framework in Frameworks */,
				A45EC1E950B72688341CA4D1 /* Pods.framework in Frameworks */,
				C9384F091BD3F71500E1E3EB /* Presenters.framework in Frameworks */,
			);
			runOnlyForDeploymentPostprocessing = 0;
		};
		C9607AD21BD2ADBA003681EF /* Frameworks */ = {
			isa = PBXFrameworksBuildPhase;
			buildActionMask = 2147483647;
			files = (
			);
			runOnlyForDeploymentPostprocessing = 0;
		};
		C9607AF01BD2AE5B003681EF /* Frameworks */ = {
			isa = PBXFrameworksBuildPhase;
			buildActionMask = 2147483647;
			files = (
				C9384EEA1BD326B100E1E3EB /* Just.framework in Frameworks */,
				C95B5DE61BD31E7700654458 /* SwiftyJSON.framework in Frameworks */,
			);
			runOnlyForDeploymentPostprocessing = 0;
		};
		C9607AFA1BD2AE5B003681EF /* Frameworks */ = {
			isa = PBXFrameworksBuildPhase;
			buildActionMask = 2147483647;
			files = (
				C9607AFE1BD2AE5B003681EF /* Domain.framework in Frameworks */,
			);
			runOnlyForDeploymentPostprocessing = 0;
		};
/* End PBXFrameworksBuildPhase section */

/* Begin PBXGroup section */
		1ABE2698C254E8C4BA7C1BF2 /* Pods */ = {
			isa = PBXGroup;
			children = (
				382D1C4D525C6CFA02DCCC82 /* Pods.debug.xcconfig */,
				199B16271688640BABE847AD /* Pods.release.xcconfig */,
			);
			name = Pods;
			sourceTree = "<group>";
		};
		C9384EF51BD3F71500E1E3EB /* Presenters */ = {
			isa = PBXGroup;
			children = (
				C9384F181BD3F8B900E1E3EB /* PresenterFactory.swift */,
				C9384F111BD3F74800E1E3EB /* Forecast */,
				C9384EF61BD3F71500E1E3EB /* Presenters.h */,
				C9384EF81BD3F71500E1E3EB /* Info.plist */,
			);
			path = Presenters;
			sourceTree = "<group>";
		};
		C9384F031BD3F71500E1E3EB /* PresentersTests */ = {
			isa = PBXGroup;
			children = (
				C9384F061BD3F71500E1E3EB /* Info.plist */,
			);
			path = PresentersTests;
			sourceTree = "<group>";
		};
		C9384F111BD3F74800E1E3EB /* Forecast */ = {
			isa = PBXGroup;
			children = (
				C9607B221BD2B371003681EF /* ForecastPresenter.swift */,
				C9607B241BD2B386003681EF /* ForecastPresenterProtocol.swift */,
				C9607B261BD2B459003681EF /* ForecastViewProtocol.swift */,
			);
			name = Forecast;
			sourceTree = "<group>";
		};
		C95B5DE91BD323D100654458 /* Services */ = {
			isa = PBXGroup;
			children = (
				C95B5DEC1BD3242100654458 /* ForecastNetworkingProtocol.swift */,
				C95B5DEA1BD323F500654458 /* NetworkingService.swift */,
				C9A4DE2D1BD40959009712E6 /* LocationServiceProtocol.swift */,
				C9384F1C1BD3FB7B00E1E3EB /* LocationService.swift */,
			);
			name = Services;
			sourceTree = "<group>";
		};
		C9607AB81BD2ADBA003681EF = {
			isa = PBXGroup;
			children = (
				C9607AC31BD2ADBA003681EF /* CleanWeather */,
				C9384EF51BD3F71500E1E3EB /* Presenters */,
				C9607AF51BD2AE5B003681EF /* Domain */,
				C9607AD81BD2ADBA003681EF /* CleanWeatherTests */,
				C9384F031BD3F71500E1E3EB /* PresentersTests */,
				C9607B031BD2AE5B003681EF /* DomainTests */,
				C9607AC21BD2ADBA003681EF /* Products */,
				1ABE2698C254E8C4BA7C1BF2 /* Pods */,
				E0FFDFDA5E3FC9762CB698B3 /* Frameworks */,
			);
			sourceTree = "<group>";
		};
		C9607AC21BD2ADBA003681EF /* Products */ = {
			isa = PBXGroup;
			children = (
				C9607AC11BD2ADBA003681EF /* CleanWeather.app */,
				C9607AD51BD2ADBA003681EF /* CleanWeatherTests.xctest */,
				C9607AF41BD2AE5B003681EF /* Domain.framework */,
				C9607AFD1BD2AE5B003681EF /* DomainTests.xctest */,
				C9384EF41BD3F71500E1E3EB /* Presenters.framework */,
				C9384EFD1BD3F71500E1E3EB /* PresentersTests.xctest */,
			);
			name = Products;
			sourceTree = "<group>";
		};
		C9607AC31BD2ADBA003681EF /* CleanWeather */ = {
			isa = PBXGroup;
			children = (
				C9607AC41BD2ADBA003681EF /* AppDelegate.swift */,
				C9607B1F1BD2B2EA003681EF /* ViewControllers */,
				C9607B1E1BD2B2E4003681EF /* Resources */,
			);
			path = CleanWeather;
			sourceTree = "<group>";
		};
		C9607AD81BD2ADBA003681EF /* CleanWeatherTests */ = {
			isa = PBXGroup;
			children = (
				C9607ADB1BD2ADBA003681EF /* Info.plist */,
			);
			path = CleanWeatherTests;
			sourceTree = "<group>";
		};
		C9607AF51BD2AE5B003681EF /* Domain */ = {
			isa = PBXGroup;
			children = (
				C9384EED1BD32CDC00E1E3EB /* InteractorsFactory.swift */,
				C9607B121BD2B13D003681EF /* Use Cases */,
				C9607B141BD2B150003681EF /* Models */,
				C9607B131BD2B148003681EF /* Infrastructure */,
				C9607AF61BD2AE5B003681EF /* Domain.h */,
				C9607AF81BD2AE5B003681EF /* Info.plist */,
				C9607B321BD2D170003681EF /* FoundationDeclarations.swift */,
			);
			path = Domain;
			sourceTree = "<group>";
		};
		C9607B031BD2AE5B003681EF /* DomainTests */ = {
			isa = PBXGroup;
			children = (
				C9607B041BD2AE5B003681EF /* DomainTests.swift */,
				C9607B061BD2AE5B003681EF /* Info.plist */,
				C9607B4B1BD2DE99003681EF /* Builders */,
			);
			path = DomainTests;
			sourceTree = "<group>";
		};
		C9607B121BD2B13D003681EF /* Use Cases */ = {
			isa = PBXGroup;
			children = (
				C9607B1B1BD2B2C2003681EF /* GetForecastForLocationInteractor.swift */,
				C9384F1F1BD3FD3C00E1E3EB /* GetCurrentLocationInteractor.swift */,
			);
			name = "Use Cases";
			sourceTree = "<group>";
		};
		C9607B131BD2B148003681EF /* Infrastructure */ = {
			isa = PBXGroup;
			children = (
				C95B5DE91BD323D100654458 /* Services */,
				C9607B401BD2D4F0003681EF /* Builders */,
			);
			name = Infrastructure;
			sourceTree = "<group>";
		};
		C9607B141BD2B150003681EF /* Models */ = {
			isa = PBXGroup;
			children = (
				C9607B281BD2B535003681EF /* Location.swift */,
				C9607B151BD2B1E9003681EF /* City.swift */,
				C9607B181BD2B22C003681EF /* Forecast.swift */,
				C9607B2A1BD2B5CA003681EF /* WeatherState.swift */,
			);
			name = Models;
			sourceTree = "<group>";
		};
		C9607B1E1BD2B2E4003681EF /* Resources */ = {
			isa = PBXGroup;
			children = (
				C9607AC81BD2ADBA003681EF /* Main.storyboard */,
				C9607ACB1BD2ADBA003681EF /* Assets.xcassets */,
				C9607ACD1BD2ADBA003681EF /* LaunchScreen.storyboard */,
				C9607AD01BD2ADBA003681EF /* Info.plist */,
			);
			name = Resources;
			sourceTree = "<group>";
		};
		C9607B1F1BD2B2EA003681EF /* ViewControllers */ = {
			isa = PBXGroup;
			children = (
				C9607B201BD2B322003681EF /* ForecastViewController.swift */,
			);
			name = ViewControllers;
			sourceTree = "<group>";
		};
		C9607B401BD2D4F0003681EF /* Builders */ = {
			isa = PBXGroup;
			children = (
				C9607B411BD2D523003681EF /* ModelBuilder.swift */,
				C9607B441BD2DE5F003681EF /* CityBuilder.swift */,
				C9607B4E1BD2EC6E003681EF /* WeatherStateBuilder.swift */,
				C95B5DDE1BD3022B00654458 /* ForecastBuilder.swift */,
			);
			name = Builders;
			sourceTree = "<group>";
		};
		C9607B4B1BD2DE99003681EF /* Builders */ = {
			isa = PBXGroup;
			children = (
				C9607B4C1BD2E059003681EF /* CityBuilderTestCase.swift */,
				C9607B511BD2ECA6003681EF /* WeatherStateBuilderTestCase.swift */,
				C95B5DE11BD3025700654458 /* ForecastBuilderTestCase.swift */,
			);
			name = Builders;
			sourceTree = "<group>";
		};
		E0FFDFDA5E3FC9762CB698B3 /* Frameworks */ = {
			isa = PBXGroup;
			children = (
				C9384EE91BD326B100E1E3EB /* Just.framework */,
				C95B5DE51BD31E7700654458 /* SwiftyJSON.framework */,
				C95B5DE31BD31E5A00654458 /* SwiftyJSON.framework */,
				66051C9D08C1F0C89881E7F5 /* Pods.framework */,
			);
			name = Frameworks;
			sourceTree = "<group>";
		};
/* End PBXGroup section */

/* Begin PBXHeadersBuildPhase section */
		C9384EF11BD3F71500E1E3EB /* Headers */ = {
			isa = PBXHeadersBuildPhase;
			buildActionMask = 2147483647;
			files = (
				C9384EF71BD3F71500E1E3EB /* Presenters.h in Headers */,
			);
			runOnlyForDeploymentPostprocessing = 0;
		};
		C9607AF11BD2AE5B003681EF /* Headers */ = {
			isa = PBXHeadersBuildPhase;
			buildActionMask = 2147483647;
			files = (
				C9607AF71BD2AE5B003681EF /* Domain.h in Headers */,
			);
			runOnlyForDeploymentPostprocessing = 0;
		};
/* End PBXHeadersBuildPhase section */

/* Begin PBXNativeTarget section */
		C9384EF31BD3F71500E1E3EB /* Presenters */ = {
			isa = PBXNativeTarget;
			buildConfigurationList = C9384F0B1BD3F71500E1E3EB /* Build configuration list for PBXNativeTarget "Presenters" */;
			buildPhases = (
				C9384EEF1BD3F71500E1E3EB /* Sources */,
				C9384EF01BD3F71500E1E3EB /* Frameworks */,
				C9384EF11BD3F71500E1E3EB /* Headers */,
				C9384EF21BD3F71500E1E3EB /* Resources */,
			);
			buildRules = (
			);
			dependencies = (
			);
			name = Presenters;
			productName = Presenters;
			productReference = C9384EF41BD3F71500E1E3EB /* Presenters.framework */;
			productType = "com.apple.product-type.framework";
		};
		C9384EFC1BD3F71500E1E3EB /* PresentersTests */ = {
			isa = PBXNativeTarget;
			buildConfigurationList = C9384F0E1BD3F71500E1E3EB /* Build configuration list for PBXNativeTarget "PresentersTests" */;
			buildPhases = (
				C9384EF91BD3F71500E1E3EB /* Sources */,
				C9384EFA1BD3F71500E1E3EB /* Frameworks */,
				C9384EFB1BD3F71500E1E3EB /* Resources */,
			);
			buildRules = (
			);
			dependencies = (
				C9384F001BD3F71500E1E3EB /* PBXTargetDependency */,
				C9384F021BD3F71500E1E3EB /* PBXTargetDependency */,
			);
			name = PresentersTests;
			productName = PresentersTests;
			productReference = C9384EFD1BD3F71500E1E3EB /* PresentersTests.xctest */;
			productType = "com.apple.product-type.bundle.unit-test";
		};
		C9607AC01BD2ADBA003681EF /* CleanWeather */ = {
			isa = PBXNativeTarget;
			buildConfigurationList = C9607ADE1BD2ADBA003681EF /* Build configuration list for PBXNativeTarget "CleanWeather" */;
			buildPhases = (
				54ECF722ACEDFF398F30C0F0 /* Check Pods Manifest.lock */,
				C9607ABD1BD2ADBA003681EF /* Sources */,
				C9607ABE1BD2ADBA003681EF /* Frameworks */,
				C9607ABF1BD2ADBA003681EF /* Resources */,
				C9607B0E1BD2AE5B003681EF /* Embed Frameworks */,
				17EA88B7B1FC8DA127254430 /* Embed Pods Frameworks */,
				C40CA8E7B3155E27E768C527 /* Copy Pods Resources */,
			);
			buildRules = (
			);
			dependencies = (
				C9607B081BD2AE5B003681EF /* PBXTargetDependency */,
				C9384F081BD3F71500E1E3EB /* PBXTargetDependency */,
			);
			name = CleanWeather;
			productName = CleanWeather;
			productReference = C9607AC11BD2ADBA003681EF /* CleanWeather.app */;
			productType = "com.apple.product-type.application";
		};
		C9607AD41BD2ADBA003681EF /* CleanWeatherTests */ = {
			isa = PBXNativeTarget;
			buildConfigurationList = C9607AE11BD2ADBA003681EF /* Build configuration list for PBXNativeTarget "CleanWeatherTests" */;
			buildPhases = (
				C9607AD11BD2ADBA003681EF /* Sources */,
				C9607AD21BD2ADBA003681EF /* Frameworks */,
				C9607AD31BD2ADBA003681EF /* Resources */,
			);
			buildRules = (
			);
			dependencies = (
				C9607AD71BD2ADBA003681EF /* PBXTargetDependency */,
			);
			name = CleanWeatherTests;
			productName = CleanWeatherTests;
			productReference = C9607AD51BD2ADBA003681EF /* CleanWeatherTests.xctest */;
			productType = "com.apple.product-type.bundle.unit-test";
		};
		C9607AF31BD2AE5B003681EF /* Domain */ = {
			isa = PBXNativeTarget;
			buildConfigurationList = C9607B0B1BD2AE5B003681EF /* Build configuration list for PBXNativeTarget "Domain" */;
			buildPhases = (
				C9607AEF1BD2AE5B003681EF /* Sources */,
				C9607AF01BD2AE5B003681EF /* Frameworks */,
				C9607AF11BD2AE5B003681EF /* Headers */,
				C9607AF21BD2AE5B003681EF /* Resources */,
			);
			buildRules = (
			);
			dependencies = (
			);
			name = Domain;
			productName = Domain;
			productReference = C9607AF41BD2AE5B003681EF /* Domain.framework */;
			productType = "com.apple.product-type.framework";
		};
		C9607AFC1BD2AE5B003681EF /* DomainTests */ = {
			isa = PBXNativeTarget;
			buildConfigurationList = C9607B0F1BD2AE5B003681EF /* Build configuration list for PBXNativeTarget "DomainTests" */;
			buildPhases = (
				C9607AF91BD2AE5B003681EF /* Sources */,
				C9607AFA1BD2AE5B003681EF /* Frameworks */,
				C9607AFB1BD2AE5B003681EF /* Resources */,
			);
			buildRules = (
			);
			dependencies = (
				C9607B001BD2AE5B003681EF /* PBXTargetDependency */,
				C9607B021BD2AE5B003681EF /* PBXTargetDependency */,
			);
			name = DomainTests;
			productName = DomainTests;
			productReference = C9607AFD1BD2AE5B003681EF /* DomainTests.xctest */;
			productType = "com.apple.product-type.bundle.unit-test";
		};
/* End PBXNativeTarget section */

/* Begin PBXProject section */
		C9607AB91BD2ADBA003681EF /* Project object */ = {
			isa = PBXProject;
			attributes = {
				LastSwiftUpdateCheck = 0700;
				LastUpgradeCheck = 0700;
				ORGANIZATIONNAME = "Marcin Rabursky";
				TargetAttributes = {
					C9384EF31BD3F71500E1E3EB = {
						CreatedOnToolsVersion = 7.0.1;
					};
					C9384EFC1BD3F71500E1E3EB = {
						CreatedOnToolsVersion = 7.0.1;
						TestTargetID = C9607AC01BD2ADBA003681EF;
					};
					C9607AC01BD2ADBA003681EF = {
						CreatedOnToolsVersion = 7.0.1;
					};
					C9607AD41BD2ADBA003681EF = {
						CreatedOnToolsVersion = 7.0.1;
						TestTargetID = C9607AC01BD2ADBA003681EF;
					};
					C9607AF31BD2AE5B003681EF = {
						CreatedOnToolsVersion = 7.0.1;
					};
					C9607AFC1BD2AE5B003681EF = {
						CreatedOnToolsVersion = 7.0.1;
					};
				};
			};
			buildConfigurationList = C9607ABC1BD2ADBA003681EF /* Build configuration list for PBXProject "CleanWeather" */;
			compatibilityVersion = "Xcode 3.2";
			developmentRegion = English;
			hasScannedForEncodings = 0;
			knownRegions = (
				en,
				Base,
			);
			mainGroup = C9607AB81BD2ADBA003681EF;
			productRefGroup = C9607AC21BD2ADBA003681EF /* Products */;
			projectDirPath = "";
			projectRoot = "";
			targets = (
				C9607AC01BD2ADBA003681EF /* CleanWeather */,
				C9607AD41BD2ADBA003681EF /* CleanWeatherTests */,
				C9607AF31BD2AE5B003681EF /* Domain */,
				C9607AFC1BD2AE5B003681EF /* DomainTests */,
				C9384EF31BD3F71500E1E3EB /* Presenters */,
				C9384EFC1BD3F71500E1E3EB /* PresentersTests */,
			);
		};
/* End PBXProject section */

/* Begin PBXResourcesBuildPhase section */
		C9384EF21BD3F71500E1E3EB /* Resources */ = {
			isa = PBXResourcesBuildPhase;
			buildActionMask = 2147483647;
			files = (
			);
			runOnlyForDeploymentPostprocessing = 0;
		};
		C9384EFB1BD3F71500E1E3EB /* Resources */ = {
			isa = PBXResourcesBuildPhase;
			buildActionMask = 2147483647;
			files = (
			);
			runOnlyForDeploymentPostprocessing = 0;
		};
		C9607ABF1BD2ADBA003681EF /* Resources */ = {
			isa = PBXResourcesBuildPhase;
			buildActionMask = 2147483647;
			files = (
				C9607ACF1BD2ADBA003681EF /* LaunchScreen.storyboard in Resources */,
				C9607ACC1BD2ADBA003681EF /* Assets.xcassets in Resources */,
				C9607ACA1BD2ADBA003681EF /* Main.storyboard in Resources */,
			);
			runOnlyForDeploymentPostprocessing = 0;
		};
		C9607AD31BD2ADBA003681EF /* Resources */ = {
			isa = PBXResourcesBuildPhase;
			buildActionMask = 2147483647;
			files = (
			);
			runOnlyForDeploymentPostprocessing = 0;
		};
		C9607AF21BD2AE5B003681EF /* Resources */ = {
			isa = PBXResourcesBuildPhase;
			buildActionMask = 2147483647;
			files = (
			);
			runOnlyForDeploymentPostprocessing = 0;
		};
		C9607AFB1BD2AE5B003681EF /* Resources */ = {
			isa = PBXResourcesBuildPhase;
			buildActionMask = 2147483647;
			files = (
			);
			runOnlyForDeploymentPostprocessing = 0;
		};
/* End PBXResourcesBuildPhase section */

/* Begin PBXShellScriptBuildPhase section */
		17EA88B7B1FC8DA127254430 /* Embed Pods Frameworks */ = {
			isa = PBXShellScriptBuildPhase;
			buildActionMask = 2147483647;
			files = (
			);
			inputPaths = (
			);
			name = "Embed Pods Frameworks";
			outputPaths = (
			);
			runOnlyForDeploymentPostprocessing = 0;
			shellPath = /bin/sh;
			shellScript = "\"${SRCROOT}/Pods/Target Support Files/Pods/Pods-frameworks.sh\"\n";
			showEnvVarsInLog = 0;
		};
		54ECF722ACEDFF398F30C0F0 /* Check Pods Manifest.lock */ = {
			isa = PBXShellScriptBuildPhase;
			buildActionMask = 2147483647;
			files = (
			);
			inputPaths = (
			);
			name = "Check Pods Manifest.lock";
			outputPaths = (
			);
			runOnlyForDeploymentPostprocessing = 0;
			shellPath = /bin/sh;
			shellScript = "diff \"${PODS_ROOT}/../Podfile.lock\" \"${PODS_ROOT}/Manifest.lock\" > /dev/null\nif [[ $? != 0 ]] ; then\n    cat << EOM\nerror: The sandbox is not in sync with the Podfile.lock. Run 'pod install' or update your CocoaPods installation.\nEOM\n    exit 1\nfi\n";
			showEnvVarsInLog = 0;
		};
		C40CA8E7B3155E27E768C527 /* Copy Pods Resources */ = {
			isa = PBXShellScriptBuildPhase;
			buildActionMask = 2147483647;
			files = (
			);
			inputPaths = (
			);
			name = "Copy Pods Resources";
			outputPaths = (
			);
			runOnlyForDeploymentPostprocessing = 0;
			shellPath = /bin/sh;
			shellScript = "\"${SRCROOT}/Pods/Target Support Files/Pods/Pods-resources.sh\"\n";
			showEnvVarsInLog = 0;
		};
/* End PBXShellScriptBuildPhase section */

/* Begin PBXSourcesBuildPhase section */
		C9384EEF1BD3F71500E1E3EB /* Sources */ = {
			isa = PBXSourcesBuildPhase;
			buildActionMask = 2147483647;
			files = (
				C9384F151BD3F7E600E1E3EB /* ForecastViewProtocol.swift in Sources */,
				C9384F191BD3F8B900E1E3EB /* PresenterFactory.swift in Sources */,
				C9384F121BD3F75200E1E3EB /* ForecastPresenter.swift in Sources */,
				C9384F141BD3F7E600E1E3EB /* ForecastPresenterProtocol.swift in Sources */,
			);
			runOnlyForDeploymentPostprocessing = 0;
		};
		C9384EF91BD3F71500E1E3EB /* Sources */ = {
			isa = PBXSourcesBuildPhase;
			buildActionMask = 2147483647;
			files = (
				C9384F161BD3F7E700E1E3EB /* ForecastPresenterProtocol.swift in Sources */,
				C9384F1A1BD3F8B900E1E3EB /* PresenterFactory.swift in Sources */,
				C9384F171BD3F7E700E1E3EB /* ForecastViewProtocol.swift in Sources */,
				C9384F131BD3F75300E1E3EB /* ForecastPresenter.swift in Sources */,
			);
			runOnlyForDeploymentPostprocessing = 0;
		};
		C9607ABD1BD2ADBA003681EF /* Sources */ = {
			isa = PBXSourcesBuildPhase;
			buildActionMask = 2147483647;
			files = (
				C9607AC51BD2ADBA003681EF /* AppDelegate.swift in Sources */,
				C9607B211BD2B322003681EF /* ForecastViewController.swift in Sources */,
			);
			runOnlyForDeploymentPostprocessing = 0;
		};
		C9607AD11BD2ADBA003681EF /* Sources */ = {
			isa = PBXSourcesBuildPhase;
			buildActionMask = 2147483647;
			files = (
			);
			runOnlyForDeploymentPostprocessing = 0;
		};
		C9607AEF1BD2AE5B003681EF /* Sources */ = {
			isa = PBXSourcesBuildPhase;
			buildActionMask = 2147483647;
			files = (
				C9384F1D1BD3FB7B00E1E3EB /* LocationService.swift in Sources */,
				C9607B2B1BD2B5CA003681EF /* WeatherState.swift in Sources */,
				C9607B451BD2DE5F003681EF /* CityBuilder.swift in Sources */,
				C9607B1C1BD2B2C2003681EF /* GetForecastForLocationInteractor.swift in Sources */,
				C9A4DE2E1BD40959009712E6 /* LocationServiceProtocol.swift in Sources */,
				C9607B191BD2B22C003681EF /* Forecast.swift in Sources */,
				C95B5DDF1BD3022B00654458 /* ForecastBuilder.swift in Sources */,
				C9384EEE1BD32CDC00E1E3EB /* InteractorsFactory.swift in Sources */,
				C9607B291BD2B535003681EF /* Location.swift in Sources */,
				C9607B421BD2D523003681EF /* ModelBuilder.swift in Sources */,
				C9384F201BD3FD3C00E1E3EB /* GetCurrentLocationInteractor.swift in Sources */,
				C9607B161BD2B1E9003681EF /* City.swift in Sources */,
				C95B5DED1BD3242100654458 /* ForecastNetworkingProtocol.swift in Sources */,
				C95B5DEB1BD323F500654458 /* NetworkingService.swift in Sources */,
				C9607B331BD2D170003681EF /* FoundationDeclarations.swift in Sources */,
				C9607B4F1BD2EC6E003681EF /* WeatherStateBuilder.swift in Sources */,
			);
			runOnlyForDeploymentPostprocessing = 0;
		};
		C9607AF91BD2AE5B003681EF /* Sources */ = {
			isa = PBXSourcesBuildPhase;
			buildActionMask = 2147483647;
			files = (
				C9384EEB1BD3285E00E1E3EB /* NetworkingService.swift in Sources */,
				C9607B481BD2DE63003681EF /* CityBuilder.swift in Sources */,
				C9607B051BD2AE5B003681EF /* DomainTests.swift in Sources */,
				C9607B2E1BD2D11A003681EF /* Location.swift in Sources */,
				C9607B2F1BD2D11A003681EF /* City.swift in Sources */,
				C9607B341BD2D18B003681EF /* FoundationDeclarations.swift in Sources */,
				C9384F211BD3FD3C00E1E3EB /* GetCurrentLocationInteractor.swift in Sources */,
				C9607B4D1BD2E059003681EF /* CityBuilderTestCase.swift in Sources */,
				C95B5DE71BD3224E00654458 /* WeatherStateBuilderTestCase.swift in Sources */,
				C9384F1B1BD3FA9500E1E3EB /* ForecastNetworkingProtocol.swift in Sources */,
				C9607B501BD2EC6E003681EF /* WeatherStateBuilder.swift in Sources */,
				C95B5DE81BD3229500654458 /* ForecastBuilderTestCase.swift in Sources */,
				C9607B1D1BD2B2C2003681EF /* GetForecastForLocationInteractor.swift in Sources */,
				C95B5DE01BD3022B00654458 /* ForecastBuilder.swift in Sources */,
				C9607B311BD2D11A003681EF /* WeatherState.swift in Sources */,
				C9607B471BD2DE63003681EF /* ModelBuilder.swift in Sources */,
				C9384F1E1BD3FB7B00E1E3EB /* LocationService.swift in Sources */,
				C9A4DE2F1BD40959009712E6 /* LocationServiceProtocol.swift in Sources */,
				C9607B301BD2D11A003681EF /* Forecast.swift in Sources */,
			);
			runOnlyForDeploymentPostprocessing = 0;
		};
/* End PBXSourcesBuildPhase section */

/* Begin PBXTargetDependency section */
		C9384F001BD3F71500E1E3EB /* PBXTargetDependency */ = {
			isa = PBXTargetDependency;
			target = C9384EF31BD3F71500E1E3EB /* Presenters */;
			targetProxy = C9384EFF1BD3F71500E1E3EB /* PBXContainerItemProxy */;
		};
		C9384F021BD3F71500E1E3EB /* PBXTargetDependency */ = {
			isa = PBXTargetDependency;
			target = C9607AC01BD2ADBA003681EF /* CleanWeather */;
			targetProxy = C9384F011BD3F71500E1E3EB /* PBXContainerItemProxy */;
		};
		C9384F081BD3F71500E1E3EB /* PBXTargetDependency */ = {
			isa = PBXTargetDependency;
			target = C9384EF31BD3F71500E1E3EB /* Presenters */;
			targetProxy = C9384F071BD3F71500E1E3EB /* PBXContainerItemProxy */;
		};
		C9607AD71BD2ADBA003681EF /* PBXTargetDependency */ = {
			isa = PBXTargetDependency;
			target = C9607AC01BD2ADBA003681EF /* CleanWeather */;
			targetProxy = C9607AD61BD2ADBA003681EF /* PBXContainerItemProxy */;
		};
		C9607B001BD2AE5B003681EF /* PBXTargetDependency */ = {
			isa = PBXTargetDependency;
			target = C9607AF31BD2AE5B003681EF /* Domain */;
			targetProxy = C9607AFF1BD2AE5B003681EF /* PBXContainerItemProxy */;
		};
		C9607B021BD2AE5B003681EF /* PBXTargetDependency */ = {
			isa = PBXTargetDependency;
			target = C9607AC01BD2ADBA003681EF /* CleanWeather */;
			targetProxy = C9607B011BD2AE5B003681EF /* PBXContainerItemProxy */;
		};
		C9607B081BD2AE5B003681EF /* PBXTargetDependency */ = {
			isa = PBXTargetDependency;
			target = C9607AF31BD2AE5B003681EF /* Domain */;
			targetProxy = C9607B071BD2AE5B003681EF /* PBXContainerItemProxy */;
		};
/* End PBXTargetDependency section */

/* Begin PBXVariantGroup section */
		C9607AC81BD2ADBA003681EF /* Main.storyboard */ = {
			isa = PBXVariantGroup;
			children = (
				C9607AC91BD2ADBA003681EF /* Base */,
			);
			name = Main.storyboard;
			sourceTree = "<group>";
		};
		C9607ACD1BD2ADBA003681EF /* LaunchScreen.storyboard */ = {
			isa = PBXVariantGroup;
			children = (
				C9607ACE1BD2ADBA003681EF /* Base */,
			);
			name = LaunchScreen.storyboard;
			sourceTree = "<group>";
		};
/* End PBXVariantGroup section */

/* Begin XCBuildConfiguration section */
		C9384F0C1BD3F71500E1E3EB /* Debug */ = {
			isa = XCBuildConfiguration;
			buildSettings = {
				CURRENT_PROJECT_VERSION = 1;
				DEFINES_MODULE = YES;
				DYLIB_COMPATIBILITY_VERSION = 1;
				DYLIB_CURRENT_VERSION = 1;
				DYLIB_INSTALL_NAME_BASE = "@rpath";
				INFOPLIST_FILE = Presenters/Info.plist;
				INSTALL_PATH = "$(LOCAL_LIBRARY_DIR)/Frameworks";
				LD_RUNPATH_SEARCH_PATHS = "$(inherited) @executable_path/Frameworks @loader_path/Frameworks";
				PRODUCT_BUNDLE_IDENTIFIER = rzeczy.Presenters;
				PRODUCT_NAME = "$(TARGET_NAME)";
				SKIP_INSTALL = YES;
				VERSIONING_SYSTEM = "apple-generic";
				VERSION_INFO_PREFIX = "";
			};
			name = Debug;
		};
		C9384F0D1BD3F71500E1E3EB /* Release */ = {
			isa = XCBuildConfiguration;
			buildSettings = {
				CURRENT_PROJECT_VERSION = 1;
				DEFINES_MODULE = YES;
				DYLIB_COMPATIBILITY_VERSION = 1;
				DYLIB_CURRENT_VERSION = 1;
				DYLIB_INSTALL_NAME_BASE = "@rpath";
				INFOPLIST_FILE = Presenters/Info.plist;
				INSTALL_PATH = "$(LOCAL_LIBRARY_DIR)/Frameworks";
				LD_RUNPATH_SEARCH_PATHS = "$(inherited) @executable_path/Frameworks @loader_path/Frameworks";
				PRODUCT_BUNDLE_IDENTIFIER = rzeczy.Presenters;
				PRODUCT_NAME = "$(TARGET_NAME)";
				SKIP_INSTALL = YES;
				VERSIONING_SYSTEM = "apple-generic";
				VERSION_INFO_PREFIX = "";
			};
			name = Release;
		};
		C9384F0F1BD3F71500E1E3EB /* Debug */ = {
			isa = XCBuildConfiguration;
			buildSettings = {
				INFOPLIST_FILE = PresentersTests/Info.plist;
				LD_RUNPATH_SEARCH_PATHS = "$(inherited) @executable_path/Frameworks @loader_path/Frameworks";
				PRODUCT_BUNDLE_IDENTIFIER = rzeczy.PresentersTests;
				PRODUCT_NAME = "$(TARGET_NAME)";
				TEST_HOST = "$(BUILT_PRODUCTS_DIR)/CleanWeather.app/CleanWeather";
			};
			name = Debug;
		};
		C9384F101BD3F71500E1E3EB /* Release */ = {
			isa = XCBuildConfiguration;
			buildSettings = {
				INFOPLIST_FILE = PresentersTests/Info.plist;
				LD_RUNPATH_SEARCH_PATHS = "$(inherited) @executable_path/Frameworks @loader_path/Frameworks";
				PRODUCT_BUNDLE_IDENTIFIER = rzeczy.PresentersTests;
				PRODUCT_NAME = "$(TARGET_NAME)";
				TEST_HOST = "$(BUILT_PRODUCTS_DIR)/CleanWeather.app/CleanWeather";
			};
			name = Release;
		};
		C9607ADC1BD2ADBA003681EF /* Debug */ = {
			isa = XCBuildConfiguration;
			buildSettings = {
				ALWAYS_SEARCH_USER_PATHS = NO;
				CLANG_CXX_LANGUAGE_STANDARD = "gnu++0x";
				CLANG_CXX_LIBRARY = "libc++";
				CLANG_ENABLE_MODULES = YES;
				CLANG_ENABLE_OBJC_ARC = YES;
				CLANG_WARN_BOOL_CONVERSION = YES;
				CLANG_WARN_CONSTANT_CONVERSION = YES;
				CLANG_WARN_DIRECT_OBJC_ISA_USAGE = YES_ERROR;
				CLANG_WARN_EMPTY_BODY = YES;
				CLANG_WARN_ENUM_CONVERSION = YES;
				CLANG_WARN_INT_CONVERSION = YES;
				CLANG_WARN_OBJC_ROOT_CLASS = YES_ERROR;
				CLANG_WARN_UNREACHABLE_CODE = YES;
				CLANG_WARN__DUPLICATE_METHOD_MATCH = YES;
				"CODE_SIGN_IDENTITY[sdk=iphoneos*]" = "iPhone Developer";
				COPY_PHASE_STRIP = NO;
				DEBUG_INFORMATION_FORMAT = dwarf;
				ENABLE_STRICT_OBJC_MSGSEND = YES;
				ENABLE_TESTABILITY = YES;
				GCC_C_LANGUAGE_STANDARD = gnu99;
				GCC_DYNAMIC_NO_PIC = NO;
				GCC_NO_COMMON_BLOCKS = YES;
				GCC_OPTIMIZATION_LEVEL = 0;
				GCC_PREPROCESSOR_DEFINITIONS = (
					"DEBUG=1",
					"$(inherited)",
				);
				GCC_WARN_64_TO_32_BIT_CONVERSION = YES;
				GCC_WARN_ABOUT_RETURN_TYPE = YES_ERROR;
				GCC_WARN_UNDECLARED_SELECTOR = YES;
				GCC_WARN_UNINITIALIZED_AUTOS = YES_AGGRESSIVE;
				GCC_WARN_UNUSED_FUNCTION = YES;
				GCC_WARN_UNUSED_VARIABLE = YES;
				IPHONEOS_DEPLOYMENT_TARGET = 9.0;
				MTL_ENABLE_DEBUG_INFO = YES;
				ONLY_ACTIVE_ARCH = YES;
				SDKROOT = iphoneos;
				SWIFT_OPTIMIZATION_LEVEL = "-Onone";
				TARGETED_DEVICE_FAMILY = "1,2";
			};
			name = Debug;
		};
		C9607ADD1BD2ADBA003681EF /* Release */ = {
			isa = XCBuildConfiguration;
			buildSettings = {
				ALWAYS_SEARCH_USER_PATHS = NO;
				CLANG_CXX_LANGUAGE_STANDARD = "gnu++0x";
				CLANG_CXX_LIBRARY = "libc++";
				CLANG_ENABLE_MODULES = YES;
				CLANG_ENABLE_OBJC_ARC = YES;
				CLANG_WARN_BOOL_CONVERSION = YES;
				CLANG_WARN_CONSTANT_CONVERSION = YES;
				CLANG_WARN_DIRECT_OBJC_ISA_USAGE = YES_ERROR;
				CLANG_WARN_EMPTY_BODY = YES;
				CLANG_WARN_ENUM_CONVERSION = YES;
				CLANG_WARN_INT_CONVERSION = YES;
				CLANG_WARN_OBJC_ROOT_CLASS = YES_ERROR;
				CLANG_WARN_UNREACHABLE_CODE = YES;
				CLANG_WARN__DUPLICATE_METHOD_MATCH = YES;
				"CODE_SIGN_IDENTITY[sdk=iphoneos*]" = "iPhone Developer";
				COPY_PHASE_STRIP = NO;
				DEBUG_INFORMATION_FORMAT = "dwarf-with-dsym";
				ENABLE_NS_ASSERTIONS = NO;
				ENABLE_STRICT_OBJC_MSGSEND = YES;
				GCC_C_LANGUAGE_STANDARD = gnu99;
				GCC_NO_COMMON_BLOCKS = YES;
				GCC_WARN_64_TO_32_BIT_CONVERSION = YES;
				GCC_WARN_ABOUT_RETURN_TYPE = YES_ERROR;
				GCC_WARN_UNDECLARED_SELECTOR = YES;
				GCC_WARN_UNINITIALIZED_AUTOS = YES_AGGRESSIVE;
				GCC_WARN_UNUSED_FUNCTION = YES;
				GCC_WARN_UNUSED_VARIABLE = YES;
				IPHONEOS_DEPLOYMENT_TARGET = 9.0;
				MTL_ENABLE_DEBUG_INFO = NO;
				SDKROOT = iphoneos;
				TARGETED_DEVICE_FAMILY = "1,2";
				VALIDATE_PRODUCT = YES;
			};
			name = Release;
		};
		C9607ADF1BD2ADBA003681EF /* Debug */ = {
			isa = XCBuildConfiguration;
			baseConfigurationReference = 382D1C4D525C6CFA02DCCC82 /* Pods.debug.xcconfig */;
			buildSettings = {
				ASSETCATALOG_COMPILER_APPICON_NAME = AppIcon;
				EMBEDDED_CONTENT_CONTAINS_SWIFT = YES;
				FRAMEWORK_SEARCH_PATHS = (
					"$(inherited)",
					"$(PROJECT_DIR)/build/Debug-iphoneos",
				);
				INFOPLIST_FILE = CleanWeather/Info.plist;
				LD_RUNPATH_SEARCH_PATHS = "$(inherited) @executable_path/Frameworks";
				PRODUCT_BUNDLE_IDENTIFIER = rzeczy.CleanWeather;
				PRODUCT_NAME = "$(TARGET_NAME)";
			};
			name = Debug;
		};
		C9607AE01BD2ADBA003681EF /* Release */ = {
			isa = XCBuildConfiguration;
			baseConfigurationReference = 199B16271688640BABE847AD /* Pods.release.xcconfig */;
			buildSettings = {
				ASSETCATALOG_COMPILER_APPICON_NAME = AppIcon;
				EMBEDDED_CONTENT_CONTAINS_SWIFT = YES;
				FRAMEWORK_SEARCH_PATHS = (
					"$(inherited)",
					"$(PROJECT_DIR)/build/Debug-iphoneos",
				);
				INFOPLIST_FILE = CleanWeather/Info.plist;
				LD_RUNPATH_SEARCH_PATHS = "$(inherited) @executable_path/Frameworks";
				PRODUCT_BUNDLE_IDENTIFIER = rzeczy.CleanWeather;
				PRODUCT_NAME = "$(TARGET_NAME)";
			};
			name = Release;
		};
		C9607AE21BD2ADBA003681EF /* Debug */ = {
			isa = XCBuildConfiguration;
			buildSettings = {
				BUNDLE_LOADER = "$(TEST_HOST)";
				INFOPLIST_FILE = CleanWeatherTests/Info.plist;
				LD_RUNPATH_SEARCH_PATHS = "$(inherited) @executable_path/Frameworks @loader_path/Frameworks";
				PRODUCT_BUNDLE_IDENTIFIER = rzeczy.CleanWeatherTests;
				PRODUCT_NAME = "$(TARGET_NAME)";
				TEST_HOST = "$(BUILT_PRODUCTS_DIR)/CleanWeather.app/CleanWeather";
			};
			name = Debug;
		};
		C9607AE31BD2ADBA003681EF /* Release */ = {
			isa = XCBuildConfiguration;
			buildSettings = {
				BUNDLE_LOADER = "$(TEST_HOST)";
				INFOPLIST_FILE = CleanWeatherTests/Info.plist;
				LD_RUNPATH_SEARCH_PATHS = "$(inherited) @executable_path/Frameworks @loader_path/Frameworks";
				PRODUCT_BUNDLE_IDENTIFIER = rzeczy.CleanWeatherTests;
				PRODUCT_NAME = "$(TARGET_NAME)";
				TEST_HOST = "$(BUILT_PRODUCTS_DIR)/CleanWeather.app/CleanWeather";
			};
			name = Release;
		};
		C9607B0C1BD2AE5B003681EF /* Debug */ = {
			isa = XCBuildConfiguration;
			buildSettings = {
				CLANG_ENABLE_MODULES = YES;
				CURRENT_PROJECT_VERSION = 1;
				DEFINES_MODULE = YES;
				DYLIB_COMPATIBILITY_VERSION = 1;
				DYLIB_CURRENT_VERSION = 1;
				DYLIB_INSTALL_NAME_BASE = "@rpath";
				FRAMEWORK_SEARCH_PATHS = (
					"$(inherited)",
					"$(PROJECT_DIR)/build/Debug-iphoneos",
				);
				INFOPLIST_FILE = Domain/Info.plist;
				INSTALL_PATH = "$(LOCAL_LIBRARY_DIR)/Frameworks";
				LD_RUNPATH_SEARCH_PATHS = "$(inherited) @executable_path/Frameworks @loader_path/Frameworks";
				PRODUCT_BUNDLE_IDENTIFIER = rzeczy.Domain;
				PRODUCT_NAME = "$(TARGET_NAME)";
				SDKROOT = iphoneos;
				SKIP_INSTALL = YES;
				SUPPORTED_PLATFORMS = "iphonesimulator iphoneos macos";
				SWIFT_OPTIMIZATION_LEVEL = "-Onone";
				VERSIONING_SYSTEM = "apple-generic";
				VERSION_INFO_PREFIX = "";
			};
			name = Debug;
		};
		C9607B0D1BD2AE5B003681EF /* Release */ = {
			isa = XCBuildConfiguration;
			buildSettings = {
				CLANG_ENABLE_MODULES = YES;
				CURRENT_PROJECT_VERSION = 1;
				DEFINES_MODULE = YES;
				DYLIB_COMPATIBILITY_VERSION = 1;
				DYLIB_CURRENT_VERSION = 1;
				DYLIB_INSTALL_NAME_BASE = "@rpath";
				FRAMEWORK_SEARCH_PATHS = (
					"$(inherited)",
					"$(PROJECT_DIR)/build/Debug-iphoneos",
				);
				INFOPLIST_FILE = Domain/Info.plist;
				INSTALL_PATH = "$(LOCAL_LIBRARY_DIR)/Frameworks";
				LD_RUNPATH_SEARCH_PATHS = "$(inherited) @executable_path/Frameworks @loader_path/Frameworks";
				PRODUCT_BUNDLE_IDENTIFIER = rzeczy.Domain;
				PRODUCT_NAME = "$(TARGET_NAME)";
				SDKROOT = iphoneos;
				SKIP_INSTALL = YES;
				SUPPORTED_PLATFORMS = "iphonesimulator iphoneos macos";
				VERSIONING_SYSTEM = "apple-generic";
				VERSION_INFO_PREFIX = "";
			};
			name = Release;
		};
		C9607B101BD2AE5B003681EF /* Debug */ = {
			isa = XCBuildConfiguration;
			buildSettings = {
				INFOPLIST_FILE = DomainTests/Info.plist;
				LD_RUNPATH_SEARCH_PATHS = "$(inherited) @executable_path/Frameworks @loader_path/Frameworks";
				PRODUCT_BUNDLE_IDENTIFIER = rzeczy.DomainTests;
				PRODUCT_NAME = "$(TARGET_NAME)";
			};
			name = Debug;
		};
		C9607B111BD2AE5B003681EF /* Release */ = {
			isa = XCBuildConfiguration;
			buildSettings = {
				INFOPLIST_FILE = DomainTests/Info.plist;
				LD_RUNPATH_SEARCH_PATHS = "$(inherited) @executable_path/Frameworks @loader_path/Frameworks";
				PRODUCT_BUNDLE_IDENTIFIER = rzeczy.DomainTests;
				PRODUCT_NAME = "$(TARGET_NAME)";
			};
			name = Release;
		};
/* End XCBuildConfiguration section */

/* Begin XCConfigurationList section */
		C9384F0B1BD3F71500E1E3EB /* Build configuration list for PBXNativeTarget "Presenters" */ = {
			isa = XCConfigurationList;
			buildConfigurations = (
				C9384F0C1BD3F71500E1E3EB /* Debug */,
				C9384F0D1BD3F71500E1E3EB /* Release */,
			);
			defaultConfigurationIsVisible = 0;
			defaultConfigurationName = Release;
		};
		C9384F0E1BD3F71500E1E3EB /* Build configuration list for PBXNativeTarget "PresentersTests" */ = {
			isa = XCConfigurationList;
			buildConfigurations = (
				C9384F0F1BD3F71500E1E3EB /* Debug */,
				C9384F101BD3F71500E1E3EB /* Release */,
			);
			defaultConfigurationIsVisible = 0;
			defaultConfigurationName = Release;
		};
		C9607ABC1BD2ADBA003681EF /* Build configuration list for PBXProject "CleanWeather" */ = {
			isa = XCConfigurationList;
			buildConfigurations = (
				C9607ADC1BD2ADBA003681EF /* Debug */,
				C9607ADD1BD2ADBA003681EF /* Release */,
			);
			defaultConfigurationIsVisible = 0;
			defaultConfigurationName = Release;
		};
		C9607ADE1BD2ADBA003681EF /* Build configuration list for PBXNativeTarget "CleanWeather" */ = {
			isa = XCConfigurationList;
			buildConfigurations = (
				C9607ADF1BD2ADBA003681EF /* Debug */,
				C9607AE01BD2ADBA003681EF /* Release */,
			);
			defaultConfigurationIsVisible = 0;
			defaultConfigurationName = Release;
		};
		C9607AE11BD2ADBA003681EF /* Build configuration list for PBXNativeTarget "CleanWeatherTests" */ = {
			isa = XCConfigurationList;
			buildConfigurations = (
				C9607AE21BD2ADBA003681EF /* Debug */,
				C9607AE31BD2ADBA003681EF /* Release */,
			);
			defaultConfigurationIsVisible = 0;
			defaultConfigurationName = Release;
		};
		C9607B0B1BD2AE5B003681EF /* Build configuration list for PBXNativeTarget "Domain" */ = {
			isa = XCConfigurationList;
			buildConfigurations = (
				C9607B0C1BD2AE5B003681EF /* Debug */,
				C9607B0D1BD2AE5B003681EF /* Release */,
			);
			defaultConfigurationIsVisible = 0;
			defaultConfigurationName = Release;
		};
		C9607B0F1BD2AE5B003681EF /* Build configuration list for PBXNativeTarget "DomainTests" */ = {
			isa = XCConfigurationList;
			buildConfigurations = (
				C9607B101BD2AE5B003681EF /* Debug */,
				C9607B111BD2AE5B003681EF /* Release */,
			);
			defaultConfigurationIsVisible = 0;
			defaultConfigurationName = Release;
		};
/* End XCConfigurationList section */
	};
	rootObject = C9607AB91BD2ADBA003681EF /* Project object */;
}
